// !$*UTF8*$!
{
	archiveVersion = 1;
	classes = {
	};
	objectVersion = 46;
	objects = {

/* Begin PBXBuildFile section */
		7E0DB1791C88A78B003D6B38 /* TripTableViewCell.xib in Resources */ = {isa = PBXBuildFile; fileRef = 7E0DB1781C88A78B003D6B38 /* TripTableViewCell.xib */; };
		7E0DB17B1C88A891003D6B38 /* TripTableViewCell.swift in Sources */ = {isa = PBXBuildFile; fileRef = 7E0DB17A1C88A891003D6B38 /* TripTableViewCell.swift */; };
		7E0DB17D1C88CF46003D6B38 /* TripBuilder.swift in Sources */ = {isa = PBXBuildFile; fileRef = 7E0DB17C1C88CF46003D6B38 /* TripBuilder.swift */; };
		7E0DB1801C88D4E4003D6B38 /* SampleDataLoader.swift in Sources */ = {isa = PBXBuildFile; fileRef = 7E0DB17F1C88D4E4003D6B38 /* SampleDataLoader.swift */; };
		7E0DB1821C88DCAF003D6B38 /* BaseTripDataLoader.swift in Sources */ = {isa = PBXBuildFile; fileRef = 7E0DB1811C88DCAF003D6B38 /* BaseTripDataLoader.swift */; };
		7E0DB1841C88DF47003D6B38 /* BaseBuilder.swift in Sources */ = {isa = PBXBuildFile; fileRef = 7E0DB1831C88DF47003D6B38 /* BaseBuilder.swift */; };
		7E0DB1861C88E009003D6B38 /* ActivityBuilder.swift in Sources */ = {isa = PBXBuildFile; fileRef = 7E0DB1851C88E009003D6B38 /* ActivityBuilder.swift */; };
		7E0DB1881C88E57F003D6B38 /* LocationBuilder.swift in Sources */ = {isa = PBXBuildFile; fileRef = 7E0DB1871C88E57F003D6B38 /* LocationBuilder.swift */; };
		7E371ABD1C88E76700ECACB9 /* PhotoBuilder.swift in Sources */ = {isa = PBXBuildFile; fileRef = 7E371ABC1C88E76700ECACB9 /* PhotoBuilder.swift */; };
		7E371AC31C89D28500ECACB9 /* ExampleTripDataLoader.swift in Sources */ = {isa = PBXBuildFile; fileRef = 7E371AC21C89D28500ECACB9 /* ExampleTripDataLoader.swift */; };
		7E371AC51C89DC7100ECACB9 /* AustraliaTripDataLoader.swift in Sources */ = {isa = PBXBuildFile; fileRef = 7E371AC41C89DC7100ECACB9 /* AustraliaTripDataLoader.swift */; };
		7E371AC71C89E04500ECACB9 /* BaseSampleDataLoader.swift in Sources */ = {isa = PBXBuildFile; fileRef = 7E371AC61C89E04500ECACB9 /* BaseSampleDataLoader.swift */; };
		7EB3514B1C82048300323D5E /* TripsTableViewController.swift in Sources */ = {isa = PBXBuildFile; fileRef = 7EB3514A1C82048300323D5E /* TripsTableViewController.swift */; };
		7EC3E50E1C8D804300BDA035 /* TripEdit.storyboard in Resources */ = {isa = PBXBuildFile; fileRef = 7EC3E50D1C8D804300BDA035 /* TripEdit.storyboard */; };
		7EC3E5121C8D87EF00BDA035 /* TripEditViewController.swift in Sources */ = {isa = PBXBuildFile; fileRef = 7EC3E5111C8D87EF00BDA035 /* TripEditViewController.swift */; };
		7EC3E5141C92081100BDA035 /* NSString+trimFunction.swift in Sources */ = {isa = PBXBuildFile; fileRef = 7EC3E5131C92081100BDA035 /* NSString+trimFunction.swift */; };
		7EFA1F221C887C560063CC48 /* ImageViewController.swift in Sources */ = {isa = PBXBuildFile; fileRef = 7EFA1F1F1C887C560063CC48 /* ImageViewController.swift */; };
		7EFA1F231C887C560063CC48 /* MapSearchController.swift in Sources */ = {isa = PBXBuildFile; fileRef = 7EFA1F201C887C560063CC48 /* MapSearchController.swift */; };
		D21C68951C8C314F000C264C /* CLLocationManager+RequestAuthorization.swift in Sources */ = {isa = PBXBuildFile; fileRef = D21C68941C8C314F000C264C /* CLLocationManager+RequestAuthorization.swift */; };
		D21C68971C8CD105000C264C /* MapSearchDelegate.swift in Sources */ = {isa = PBXBuildFile; fileRef = D21C68961C8CD105000C264C /* MapSearchDelegate.swift */; };
		D2311B571C9455EA00AF67C7 /* CLLocation+FormattedAdress.swift in Sources */ = {isa = PBXBuildFile; fileRef = D2311B561C9455EA00AF67C7 /* CLLocation+FormattedAdress.swift */; };
		D2519C611C90B57F005B2F68 /* LocationAnnotation.swift in Sources */ = {isa = PBXBuildFile; fileRef = D2519C601C90B57F005B2F68 /* LocationAnnotation.swift */; };
		D25734051C8DA57F0017B94E /* ActivityLocation.storyboard in Resources */ = {isa = PBXBuildFile; fileRef = D25734041C8DA57F0017B94E /* ActivityLocation.storyboard */; };
		D25734091C8DCCFC0017B94E /* ActivityLocationTableController.swift in Sources */ = {isa = PBXBuildFile; fileRef = D25734081C8DCCFC0017B94E /* ActivityLocationTableController.swift */; };
		D257340D1C8DD0F80017B94E /* LocationSearchDelegate.swift in Sources */ = {isa = PBXBuildFile; fileRef = D257340C1C8DD0F80017B94E /* LocationSearchDelegate.swift */; };
		D274EC601C70A589000AA29D /* Trips.storyboard in Resources */ = {isa = PBXBuildFile; fileRef = D274EC5E1C70A589000AA29D /* Trips.storyboard */; };
		D274EC661C70B3A5000AA29D /* PhotosController.swift in Sources */ = {isa = PBXBuildFile; fileRef = D274EC651C70B3A5000AA29D /* PhotosController.swift */; };
		D274EC691C70B484000AA29D /* Photos.storyboard in Resources */ = {isa = PBXBuildFile; fileRef = D274EC671C70B484000AA29D /* Photos.storyboard */; };
		D274EC6B1C70B552000AA29D /* MapController.swift in Sources */ = {isa = PBXBuildFile; fileRef = D274EC6A1C70B552000AA29D /* MapController.swift */; };
		D274EC701C70B65D000AA29D /* Map.storyboard in Resources */ = {isa = PBXBuildFile; fileRef = D274EC6F1C70B65D000AA29D /* Map.storyboard */; };
		D274EC721C70C009000AA29D /* MapKit.framework in Frameworks */ = {isa = PBXBuildFile; fileRef = D274EC711C70C009000AA29D /* MapKit.framework */; };
		D2AB1BFE1C8E09AD00DD5AFC /* ActivityLocationController.swift in Sources */ = {isa = PBXBuildFile; fileRef = D2AB1BFD1C8E09AD00DD5AFC /* ActivityLocationController.swift */; };
		D2DEC9CC1C96F374001B1AC1 /* CoreDataController.swift in Sources */ = {isa = PBXBuildFile; fileRef = D2DEC9CB1C96F374001B1AC1 /* CoreDataController.swift */; };
		D2DEC9CE1C96FD82001B1AC1 /* AppDelegate+Appearance.swift in Sources */ = {isa = PBXBuildFile; fileRef = D2DEC9CD1C96FD82001B1AC1 /* AppDelegate+Appearance.swift */; };
		D60083BA1C71DC6A00D2E4A4 /* Photo.swift in Sources */ = {isa = PBXBuildFile; fileRef = D60083B21C71DC6A00D2E4A4 /* Photo.swift */; };
		D60083BC1C71DC6A00D2E4A4 /* Location.swift in Sources */ = {isa = PBXBuildFile; fileRef = D60083B41C71DC6A00D2E4A4 /* Location.swift */; };
		D60083BE1C71DC6A00D2E4A4 /* Trip.swift in Sources */ = {isa = PBXBuildFile; fileRef = D60083B61C71DC6A00D2E4A4 /* Trip.swift */; };
		D60083C01C71DC6A00D2E4A4 /* Activity.swift in Sources */ = {isa = PBXBuildFile; fileRef = D60083B81C71DC6A00D2E4A4 /* Activity.swift */; };
		D6301CCE1C95C7E300BF5655 /* NSCompoundPredicateTest.swift in Sources */ = {isa = PBXBuildFile; fileRef = D6301CCD1C95C7E300BF5655 /* NSCompoundPredicateTest.swift */; };
		D644B8FC1C73B34000B2D908 /* CoreDataHelper.swift in Sources */ = {isa = PBXBuildFile; fileRef = D644B8FB1C73B34000B2D908 /* CoreDataHelper.swift */; };
		D644B9011C73C3A300B2D908 /* NSManagedObject+EntityName.swift in Sources */ = {isa = PBXBuildFile; fileRef = D644B9001C73C3A300B2D908 /* NSManagedObject+EntityName.swift */; };
		D64D30B21C7A0E91009E3740 /* ActivityDetailController.swift in Sources */ = {isa = PBXBuildFile; fileRef = D64D30B11C7A0E91009E3740 /* ActivityDetailController.swift */; };
		D665DC341C8DD986002A77CB /* SouthAmericaTripLoader.swift in Sources */ = {isa = PBXBuildFile; fileRef = D665DC331C8DD986002A77CB /* SouthAmericaTripLoader.swift */; };
		D6711F5A1C97499600A4AFF5 /* ViewActivity.storyboard in Resources */ = {isa = PBXBuildFile; fileRef = D6711F591C97499600A4AFF5 /* ViewActivity.storyboard */; };
		D682126F1C78C7490046122E /* ActivityCell.swift in Sources */ = {isa = PBXBuildFile; fileRef = D682126E1C78C7490046122E /* ActivityCell.swift */; };
		D68212711C78DD820046122E /* ActivityTableViewCell.xib in Resources */ = {isa = PBXBuildFile; fileRef = D68212701C78DD810046122E /* ActivityTableViewCell.xib */; };
		D68212761C7915600046122E /* UIViewController+ManagedObjectContext.swift in Sources */ = {isa = PBXBuildFile; fileRef = D68212751C7915600046122E /* UIViewController+ManagedObjectContext.swift */; };
		D69467501C96CBB100C4712B /* ImageView.storyboard in Resources */ = {isa = PBXBuildFile; fileRef = D694674F1C96CBB100C4712B /* ImageView.storyboard */; };
		D6CA868D1C8A144D00C06550 /* CurrentTripDetailAdd.storyboard in Resources */ = {isa = PBXBuildFile; fileRef = D6CA868C1C8A144D00C06550 /* CurrentTripDetailAdd.storyboard */; };
		D6EF6ECB1C68CD03006D098B /* AppDelegate.swift in Sources */ = {isa = PBXBuildFile; fileRef = D6EF6ECA1C68CD03006D098B /* AppDelegate.swift */; };
		D6EF6ECD1C68CD03006D098B /* CurrentTripController.swift in Sources */ = {isa = PBXBuildFile; fileRef = D6EF6ECC1C68CD03006D098B /* CurrentTripController.swift */; };
		D6EF6ED21C68CD03006D098B /* Main.storyboard in Resources */ = {isa = PBXBuildFile; fileRef = D6EF6ED01C68CD03006D098B /* Main.storyboard */; };
		D6EF6ED41C68CD03006D098B /* Assets.xcassets in Resources */ = {isa = PBXBuildFile; fileRef = D6EF6ED31C68CD03006D098B /* Assets.xcassets */; };
		D6EF6ED71C68CD03006D098B /* LaunchScreen.storyboard in Resources */ = {isa = PBXBuildFile; fileRef = D6EF6ED51C68CD03006D098B /* LaunchScreen.storyboard */; };
		D6EF6EE21C68CD03006D098B /* TravelDiaryTests.swift in Sources */ = {isa = PBXBuildFile; fileRef = D6EF6EE11C68CD03006D098B /* TravelDiaryTests.swift */; };
		D6EF6EED1C68CD03006D098B /* TravelDiaryUITests.swift in Sources */ = {isa = PBXBuildFile; fileRef = D6EF6EEC1C68CD03006D098B /* TravelDiaryUITests.swift */; };
		D6F9EAEF1C95DA210079481F /* ActivityPhotoCell.swift in Sources */ = {isa = PBXBuildFile; fileRef = D6F9EAEE1C95DA210079481F /* ActivityPhotoCell.swift */; };
		D6F9EAF11C95FD610079481F /* ActivityPhotoViewController.swift in Sources */ = {isa = PBXBuildFile; fileRef = D6F9EAF01C95FD610079481F /* ActivityPhotoViewController.swift */; };
		F0068B351C96F26C00BCF5F5 /* BlobImage.swift in Sources */ = {isa = PBXBuildFile; fileRef = F0068B2D1C96F26C00BCF5F5 /* BlobImage.swift */; };
		F0068B381C96F26C00BCF5F5 /* BlobThumbnail.swift in Sources */ = {isa = PBXBuildFile; fileRef = F0068B301C96F26C00BCF5F5 /* BlobThumbnail.swift */; };
		F06FED971C94AB0C00F9AFE7 /* CollectionType+GroupBy.swift in Sources */ = {isa = PBXBuildFile; fileRef = F06FED961C94AB0C00F9AFE7 /* CollectionType+GroupBy.swift */; };
		F0A2B9B01C8DEE7600709ECF /* TPViewController.swift in Sources */ = {isa = PBXBuildFile; fileRef = F0A2B9AF1C8DEE7600709ECF /* TPViewController.swift */; };
		F0AB01151C9144B50009E6B8 /* PhotosAllLoading.swift in Sources */ = {isa = PBXBuildFile; fileRef = F0AB01141C9144B50009E6B8 /* PhotosAllLoading.swift */; };
		F0AB01171C9144CC0009E6B8 /* PhotosAllCollectionViewCell.swift in Sources */ = {isa = PBXBuildFile; fileRef = F0AB01161C9144CC0009E6B8 /* PhotosAllCollectionViewCell.swift */; };
		F0AB01191C9144D90009E6B8 /* PhotosAllCollectionViewDataSource.swift in Sources */ = {isa = PBXBuildFile; fileRef = F0AB01181C9144D90009E6B8 /* PhotosAllCollectionViewDataSource.swift */; };
		F0C369621C8DCA550013D461 /* PhotosAllController.swift in Sources */ = {isa = PBXBuildFile; fileRef = F0C369611C8DCA550013D461 /* PhotosAllController.swift */; };
		F0CA4EA51C94E93C0052C85B /* TPCollectionViewCell.swift in Sources */ = {isa = PBXBuildFile; fileRef = F0CA4EA41C94E93C0052C85B /* TPCollectionViewCell.swift */; };
		F0CA4EA71C956F040052C85B /* TPTableViewCell.swift in Sources */ = {isa = PBXBuildFile; fileRef = F0CA4EA61C956F040052C85B /* TPTableViewCell.swift */; };
		F0DA6C101C68CFF3007753F8 /* DataModel.xcdatamodeld in Sources */ = {isa = PBXBuildFile; fileRef = F0DA6C0E1C68CFF3007753F8 /* DataModel.xcdatamodeld */; };
		F0F015B01C96FA1E00AE3DF9 /* Trip+CoreDataProperties.swift in Sources */ = {isa = PBXBuildFile; fileRef = F0F015AA1C96FA1E00AE3DF9 /* Trip+CoreDataProperties.swift */; };
		F0F015B31C96FA1E00AE3DF9 /* Activity+CoreDataProperties.swift in Sources */ = {isa = PBXBuildFile; fileRef = F0F015AD1C96FA1E00AE3DF9 /* Activity+CoreDataProperties.swift */; };
		F0F015B51C96FA1E00AE3DF9 /* Location+CoreDataProperties.swift in Sources */ = {isa = PBXBuildFile; fileRef = F0F015AF1C96FA1E00AE3DF9 /* Location+CoreDataProperties.swift */; };
/* End PBXBuildFile section */

/* Begin PBXContainerItemProxy section */
		D6EF6EDE1C68CD03006D098B /* PBXContainerItemProxy */ = {
			isa = PBXContainerItemProxy;
			containerPortal = D6EF6EBF1C68CD03006D098B /* Project object */;
			proxyType = 1;
			remoteGlobalIDString = D6EF6EC61C68CD03006D098B;
			remoteInfo = TravelDiary;
		};
		D6EF6EE91C68CD03006D098B /* PBXContainerItemProxy */ = {
			isa = PBXContainerItemProxy;
			containerPortal = D6EF6EBF1C68CD03006D098B /* Project object */;
			proxyType = 1;
			remoteGlobalIDString = D6EF6EC61C68CD03006D098B;
			remoteInfo = TravelDiary;
		};
/* End PBXContainerItemProxy section */

/* Begin PBXFileReference section */
		7E0DB1781C88A78B003D6B38 /* TripTableViewCell.xib */ = {isa = PBXFileReference; fileEncoding = 4; lastKnownFileType = file.xib; path = TripTableViewCell.xib; sourceTree = "<group>"; };
		7E0DB17A1C88A891003D6B38 /* TripTableViewCell.swift */ = {isa = PBXFileReference; fileEncoding = 4; lastKnownFileType = sourcecode.swift; path = TripTableViewCell.swift; sourceTree = "<group>"; };
		7E0DB17C1C88CF46003D6B38 /* TripBuilder.swift */ = {isa = PBXFileReference; fileEncoding = 4; lastKnownFileType = sourcecode.swift; path = TripBuilder.swift; sourceTree = "<group>"; };
		7E0DB17F1C88D4E4003D6B38 /* SampleDataLoader.swift */ = {isa = PBXFileReference; fileEncoding = 4; lastKnownFileType = sourcecode.swift; path = SampleDataLoader.swift; sourceTree = "<group>"; };
		7E0DB1811C88DCAF003D6B38 /* BaseTripDataLoader.swift */ = {isa = PBXFileReference; fileEncoding = 4; lastKnownFileType = sourcecode.swift; path = BaseTripDataLoader.swift; sourceTree = "<group>"; };
		7E0DB1831C88DF47003D6B38 /* BaseBuilder.swift */ = {isa = PBXFileReference; fileEncoding = 4; lastKnownFileType = sourcecode.swift; path = BaseBuilder.swift; sourceTree = "<group>"; };
		7E0DB1851C88E009003D6B38 /* ActivityBuilder.swift */ = {isa = PBXFileReference; fileEncoding = 4; lastKnownFileType = sourcecode.swift; path = ActivityBuilder.swift; sourceTree = "<group>"; };
		7E0DB1871C88E57F003D6B38 /* LocationBuilder.swift */ = {isa = PBXFileReference; fileEncoding = 4; lastKnownFileType = sourcecode.swift; path = LocationBuilder.swift; sourceTree = "<group>"; };
		7E371ABC1C88E76700ECACB9 /* PhotoBuilder.swift */ = {isa = PBXFileReference; fileEncoding = 4; lastKnownFileType = sourcecode.swift; path = PhotoBuilder.swift; sourceTree = "<group>"; };
		7E371AC21C89D28500ECACB9 /* ExampleTripDataLoader.swift */ = {isa = PBXFileReference; fileEncoding = 4; lastKnownFileType = sourcecode.swift; path = ExampleTripDataLoader.swift; sourceTree = "<group>"; };
		7E371AC41C89DC7100ECACB9 /* AustraliaTripDataLoader.swift */ = {isa = PBXFileReference; fileEncoding = 4; lastKnownFileType = sourcecode.swift; path = AustraliaTripDataLoader.swift; sourceTree = "<group>"; };
		7E371AC61C89E04500ECACB9 /* BaseSampleDataLoader.swift */ = {isa = PBXFileReference; fileEncoding = 4; lastKnownFileType = sourcecode.swift; path = BaseSampleDataLoader.swift; sourceTree = "<group>"; };
		7EB3514A1C82048300323D5E /* TripsTableViewController.swift */ = {isa = PBXFileReference; fileEncoding = 4; lastKnownFileType = sourcecode.swift; path = TripsTableViewController.swift; sourceTree = "<group>"; };
		7EC3E50D1C8D804300BDA035 /* TripEdit.storyboard */ = {isa = PBXFileReference; fileEncoding = 4; lastKnownFileType = file.storyboard; path = TripEdit.storyboard; sourceTree = "<group>"; };
		7EC3E5111C8D87EF00BDA035 /* TripEditViewController.swift */ = {isa = PBXFileReference; fileEncoding = 4; lastKnownFileType = sourcecode.swift; path = TripEditViewController.swift; sourceTree = "<group>"; };
		7EC3E5131C92081100BDA035 /* NSString+trimFunction.swift */ = {isa = PBXFileReference; fileEncoding = 4; lastKnownFileType = sourcecode.swift; path = "NSString+trimFunction.swift"; sourceTree = "<group>"; };
		7EFA1F1F1C887C560063CC48 /* ImageViewController.swift */ = {isa = PBXFileReference; fileEncoding = 4; lastKnownFileType = sourcecode.swift; path = ImageViewController.swift; sourceTree = "<group>"; };
		7EFA1F201C887C560063CC48 /* MapSearchController.swift */ = {isa = PBXFileReference; fileEncoding = 4; lastKnownFileType = sourcecode.swift; path = MapSearchController.swift; sourceTree = "<group>"; };
		D21C68941C8C314F000C264C /* CLLocationManager+RequestAuthorization.swift */ = {isa = PBXFileReference; fileEncoding = 4; lastKnownFileType = sourcecode.swift; path = "CLLocationManager+RequestAuthorization.swift"; sourceTree = "<group>"; };
		D21C68961C8CD105000C264C /* MapSearchDelegate.swift */ = {isa = PBXFileReference; fileEncoding = 4; lastKnownFileType = sourcecode.swift; path = MapSearchDelegate.swift; sourceTree = "<group>"; };
		D2311B561C9455EA00AF67C7 /* CLLocation+FormattedAdress.swift */ = {isa = PBXFileReference; fileEncoding = 4; lastKnownFileType = sourcecode.swift; path = "CLLocation+FormattedAdress.swift"; sourceTree = "<group>"; };
		D2519C601C90B57F005B2F68 /* LocationAnnotation.swift */ = {isa = PBXFileReference; fileEncoding = 4; lastKnownFileType = sourcecode.swift; path = LocationAnnotation.swift; sourceTree = "<group>"; };
		D25734041C8DA57F0017B94E /* ActivityLocation.storyboard */ = {isa = PBXFileReference; fileEncoding = 4; lastKnownFileType = file.storyboard; path = ActivityLocation.storyboard; sourceTree = "<group>"; };
		D25734081C8DCCFC0017B94E /* ActivityLocationTableController.swift */ = {isa = PBXFileReference; fileEncoding = 4; lastKnownFileType = sourcecode.swift; path = ActivityLocationTableController.swift; sourceTree = "<group>"; };
		D257340C1C8DD0F80017B94E /* LocationSearchDelegate.swift */ = {isa = PBXFileReference; fileEncoding = 4; lastKnownFileType = sourcecode.swift; path = LocationSearchDelegate.swift; sourceTree = "<group>"; };
		D274EC5F1C70A589000AA29D /* Base */ = {isa = PBXFileReference; lastKnownFileType = file.storyboard; name = Base; path = Base.lproj/Trips.storyboard; sourceTree = "<group>"; };
		D274EC651C70B3A5000AA29D /* PhotosController.swift */ = {isa = PBXFileReference; fileEncoding = 4; lastKnownFileType = sourcecode.swift; path = PhotosController.swift; sourceTree = "<group>"; };
		D274EC681C70B484000AA29D /* Base */ = {isa = PBXFileReference; lastKnownFileType = file.storyboard; name = Base; path = Base.lproj/Photos.storyboard; sourceTree = "<group>"; };
		D274EC6A1C70B552000AA29D /* MapController.swift */ = {isa = PBXFileReference; fileEncoding = 4; lastKnownFileType = sourcecode.swift; path = MapController.swift; sourceTree = "<group>"; };
		D274EC6F1C70B65D000AA29D /* Map.storyboard */ = {isa = PBXFileReference; fileEncoding = 4; lastKnownFileType = file.storyboard; path = Map.storyboard; sourceTree = "<group>"; };
		D274EC711C70C009000AA29D /* MapKit.framework */ = {isa = PBXFileReference; lastKnownFileType = wrapper.framework; name = MapKit.framework; path = System/Library/Frameworks/MapKit.framework; sourceTree = SDKROOT; };
		D2AB1BFD1C8E09AD00DD5AFC /* ActivityLocationController.swift */ = {isa = PBXFileReference; fileEncoding = 4; lastKnownFileType = sourcecode.swift; path = ActivityLocationController.swift; sourceTree = "<group>"; };
		D2DEC9CB1C96F374001B1AC1 /* CoreDataController.swift */ = {isa = PBXFileReference; fileEncoding = 4; lastKnownFileType = sourcecode.swift; path = CoreDataController.swift; sourceTree = "<group>"; };
		D2DEC9CD1C96FD82001B1AC1 /* AppDelegate+Appearance.swift */ = {isa = PBXFileReference; fileEncoding = 4; lastKnownFileType = sourcecode.swift; path = "AppDelegate+Appearance.swift"; sourceTree = "<group>"; };
		D60083B21C71DC6A00D2E4A4 /* Photo.swift */ = {isa = PBXFileReference; fileEncoding = 4; lastKnownFileType = sourcecode.swift; path = Photo.swift; sourceTree = "<group>"; };
		D60083B41C71DC6A00D2E4A4 /* Location.swift */ = {isa = PBXFileReference; fileEncoding = 4; lastKnownFileType = sourcecode.swift; path = Location.swift; sourceTree = "<group>"; };
		D60083B61C71DC6A00D2E4A4 /* Trip.swift */ = {isa = PBXFileReference; fileEncoding = 4; lastKnownFileType = sourcecode.swift; path = Trip.swift; sourceTree = "<group>"; };
		D60083B81C71DC6A00D2E4A4 /* Activity.swift */ = {isa = PBXFileReference; fileEncoding = 4; lastKnownFileType = sourcecode.swift; path = Activity.swift; sourceTree = "<group>"; };
		D6301CCD1C95C7E300BF5655 /* NSCompoundPredicateTest.swift */ = {isa = PBXFileReference; fileEncoding = 4; lastKnownFileType = sourcecode.swift; path = NSCompoundPredicateTest.swift; sourceTree = "<group>"; };
		D644B8FB1C73B34000B2D908 /* CoreDataHelper.swift */ = {isa = PBXFileReference; fileEncoding = 4; lastKnownFileType = sourcecode.swift; path = CoreDataHelper.swift; sourceTree = "<group>"; };
		D644B9001C73C3A300B2D908 /* NSManagedObject+EntityName.swift */ = {isa = PBXFileReference; fileEncoding = 4; lastKnownFileType = sourcecode.swift; path = "NSManagedObject+EntityName.swift"; sourceTree = "<group>"; };
		D64D30B11C7A0E91009E3740 /* ActivityDetailController.swift */ = {isa = PBXFileReference; fileEncoding = 4; lastKnownFileType = sourcecode.swift; path = ActivityDetailController.swift; sourceTree = "<group>"; };
		D665DC331C8DD986002A77CB /* SouthAmericaTripLoader.swift */ = {isa = PBXFileReference; fileEncoding = 4; lastKnownFileType = sourcecode.swift; path = SouthAmericaTripLoader.swift; sourceTree = "<group>"; };
		D6711F591C97499600A4AFF5 /* ViewActivity.storyboard */ = {isa = PBXFileReference; fileEncoding = 4; lastKnownFileType = file.storyboard; path = ViewActivity.storyboard; sourceTree = "<group>"; };
		D682126E1C78C7490046122E /* ActivityCell.swift */ = {isa = PBXFileReference; fileEncoding = 4; lastKnownFileType = sourcecode.swift; path = ActivityCell.swift; sourceTree = "<group>"; };
		D68212701C78DD810046122E /* ActivityTableViewCell.xib */ = {isa = PBXFileReference; fileEncoding = 4; lastKnownFileType = file.xib; path = ActivityTableViewCell.xib; sourceTree = "<group>"; };
		D68212751C7915600046122E /* UIViewController+ManagedObjectContext.swift */ = {isa = PBXFileReference; fileEncoding = 4; lastKnownFileType = sourcecode.swift; path = "UIViewController+ManagedObjectContext.swift"; sourceTree = "<group>"; };
		D694674F1C96CBB100C4712B /* ImageView.storyboard */ = {isa = PBXFileReference; fileEncoding = 4; lastKnownFileType = file.storyboard; path = ImageView.storyboard; sourceTree = "<group>"; };
		D6CA868C1C8A144D00C06550 /* CurrentTripDetailAdd.storyboard */ = {isa = PBXFileReference; fileEncoding = 4; lastKnownFileType = file.storyboard; path = CurrentTripDetailAdd.storyboard; sourceTree = "<group>"; };
		D6EF6EC71C68CD03006D098B /* TravelDiary.app */ = {isa = PBXFileReference; explicitFileType = wrapper.application; includeInIndex = 0; path = TravelDiary.app; sourceTree = BUILT_PRODUCTS_DIR; };
		D6EF6ECA1C68CD03006D098B /* AppDelegate.swift */ = {isa = PBXFileReference; lastKnownFileType = sourcecode.swift; path = AppDelegate.swift; sourceTree = "<group>"; };
		D6EF6ECC1C68CD03006D098B /* CurrentTripController.swift */ = {isa = PBXFileReference; lastKnownFileType = sourcecode.swift; path = CurrentTripController.swift; sourceTree = "<group>"; };
		D6EF6ED11C68CD03006D098B /* Base */ = {isa = PBXFileReference; lastKnownFileType = file.storyboard; name = Base; path = Base.lproj/Main.storyboard; sourceTree = "<group>"; };
		D6EF6ED31C68CD03006D098B /* Assets.xcassets */ = {isa = PBXFileReference; lastKnownFileType = folder.assetcatalog; path = Assets.xcassets; sourceTree = "<group>"; };
		D6EF6ED61C68CD03006D098B /* Base */ = {isa = PBXFileReference; lastKnownFileType = file.storyboard; name = Base; path = Base.lproj/LaunchScreen.storyboard; sourceTree = "<group>"; };
		D6EF6ED81C68CD03006D098B /* Info.plist */ = {isa = PBXFileReference; lastKnownFileType = text.plist.xml; path = Info.plist; sourceTree = "<group>"; };
		D6EF6EDD1C68CD03006D098B /* TravelDiaryTests.xctest */ = {isa = PBXFileReference; explicitFileType = wrapper.cfbundle; includeInIndex = 0; path = TravelDiaryTests.xctest; sourceTree = BUILT_PRODUCTS_DIR; };
		D6EF6EE11C68CD03006D098B /* TravelDiaryTests.swift */ = {isa = PBXFileReference; lastKnownFileType = sourcecode.swift; path = TravelDiaryTests.swift; sourceTree = "<group>"; };
		D6EF6EE31C68CD03006D098B /* Info.plist */ = {isa = PBXFileReference; lastKnownFileType = text.plist.xml; path = Info.plist; sourceTree = "<group>"; };
		D6EF6EE81C68CD03006D098B /* TravelDiaryUITests.xctest */ = {isa = PBXFileReference; explicitFileType = wrapper.cfbundle; includeInIndex = 0; path = TravelDiaryUITests.xctest; sourceTree = BUILT_PRODUCTS_DIR; };
		D6EF6EEC1C68CD03006D098B /* TravelDiaryUITests.swift */ = {isa = PBXFileReference; lastKnownFileType = sourcecode.swift; path = TravelDiaryUITests.swift; sourceTree = "<group>"; };
		D6EF6EEE1C68CD03006D098B /* Info.plist */ = {isa = PBXFileReference; lastKnownFileType = text.plist.xml; path = Info.plist; sourceTree = "<group>"; };
		D6F9EAEE1C95DA210079481F /* ActivityPhotoCell.swift */ = {isa = PBXFileReference; fileEncoding = 4; lastKnownFileType = sourcecode.swift; path = ActivityPhotoCell.swift; sourceTree = "<group>"; };
		D6F9EAF01C95FD610079481F /* ActivityPhotoViewController.swift */ = {isa = PBXFileReference; fileEncoding = 4; lastKnownFileType = sourcecode.swift; path = ActivityPhotoViewController.swift; sourceTree = "<group>"; };
		F0068B2D1C96F26C00BCF5F5 /* BlobImage.swift */ = {isa = PBXFileReference; fileEncoding = 4; lastKnownFileType = sourcecode.swift; path = BlobImage.swift; sourceTree = "<group>"; };
		F0068B301C96F26C00BCF5F5 /* BlobThumbnail.swift */ = {isa = PBXFileReference; fileEncoding = 4; lastKnownFileType = sourcecode.swift; path = BlobThumbnail.swift; sourceTree = "<group>"; };
		F06FED961C94AB0C00F9AFE7 /* CollectionType+GroupBy.swift */ = {isa = PBXFileReference; fileEncoding = 4; lastKnownFileType = sourcecode.swift; path = "CollectionType+GroupBy.swift"; sourceTree = "<group>"; };
		F0A2B9AF1C8DEE7600709ECF /* TPViewController.swift */ = {isa = PBXFileReference; fileEncoding = 4; lastKnownFileType = sourcecode.swift; path = TPViewController.swift; sourceTree = "<group>"; };
		F0AB01141C9144B50009E6B8 /* PhotosAllLoading.swift */ = {isa = PBXFileReference; fileEncoding = 4; lastKnownFileType = sourcecode.swift; path = PhotosAllLoading.swift; sourceTree = "<group>"; };
		F0AB01161C9144CC0009E6B8 /* PhotosAllCollectionViewCell.swift */ = {isa = PBXFileReference; fileEncoding = 4; lastKnownFileType = sourcecode.swift; path = PhotosAllCollectionViewCell.swift; sourceTree = "<group>"; };
		F0AB01181C9144D90009E6B8 /* PhotosAllCollectionViewDataSource.swift */ = {isa = PBXFileReference; fileEncoding = 4; lastKnownFileType = sourcecode.swift; path = PhotosAllCollectionViewDataSource.swift; sourceTree = "<group>"; };
		F0C369611C8DCA550013D461 /* PhotosAllController.swift */ = {isa = PBXFileReference; fileEncoding = 4; lastKnownFileType = sourcecode.swift; path = PhotosAllController.swift; sourceTree = "<group>"; };
		F0CA4EA41C94E93C0052C85B /* TPCollectionViewCell.swift */ = {isa = PBXFileReference; fileEncoding = 4; lastKnownFileType = sourcecode.swift; path = TPCollectionViewCell.swift; sourceTree = "<group>"; };
		F0CA4EA61C956F040052C85B /* TPTableViewCell.swift */ = {isa = PBXFileReference; fileEncoding = 4; lastKnownFileType = sourcecode.swift; path = TPTableViewCell.swift; sourceTree = "<group>"; };
		F0DA6C0F1C68CFF3007753F8 /* DataModel.xcdatamodel */ = {isa = PBXFileReference; lastKnownFileType = wrapper.xcdatamodel; path = DataModel.xcdatamodel; sourceTree = "<group>"; };
		F0F015AA1C96FA1E00AE3DF9 /* Trip+CoreDataProperties.swift */ = {isa = PBXFileReference; fileEncoding = 4; lastKnownFileType = sourcecode.swift; path = "Trip+CoreDataProperties.swift"; sourceTree = "<group>"; };
		F0F015AD1C96FA1E00AE3DF9 /* Activity+CoreDataProperties.swift */ = {isa = PBXFileReference; fileEncoding = 4; lastKnownFileType = sourcecode.swift; path = "Activity+CoreDataProperties.swift"; sourceTree = "<group>"; };
		F0F015AF1C96FA1E00AE3DF9 /* Location+CoreDataProperties.swift */ = {isa = PBXFileReference; fileEncoding = 4; lastKnownFileType = sourcecode.swift; path = "Location+CoreDataProperties.swift"; sourceTree = "<group>"; };
/* End PBXFileReference section */

/* Begin PBXFrameworksBuildPhase section */
		D6EF6EC41C68CD03006D098B /* Frameworks */ = {
			isa = PBXFrameworksBuildPhase;
			buildActionMask = 2147483647;
			files = (
				D274EC721C70C009000AA29D /* MapKit.framework in Frameworks */,
			);
			runOnlyForDeploymentPostprocessing = 0;
		};
		D6EF6EDA1C68CD03006D098B /* Frameworks */ = {
			isa = PBXFrameworksBuildPhase;
			buildActionMask = 2147483647;
			files = (
			);
			runOnlyForDeploymentPostprocessing = 0;
		};
		D6EF6EE51C68CD03006D098B /* Frameworks */ = {
			isa = PBXFrameworksBuildPhase;
			buildActionMask = 2147483647;
			files = (
			);
			runOnlyForDeploymentPostprocessing = 0;
		};
/* End PBXFrameworksBuildPhase section */

/* Begin PBXGroup section */
		7E0DB17E1C88CF53003D6B38 /* sampleData */ = {
			isa = PBXGroup;
			children = (
				7E0DB17F1C88D4E4003D6B38 /* SampleDataLoader.swift */,
				7E371AC21C89D28500ECACB9 /* ExampleTripDataLoader.swift */,
				7E371AC41C89DC7100ECACB9 /* AustraliaTripDataLoader.swift */,
				7E0DB1811C88DCAF003D6B38 /* BaseTripDataLoader.swift */,
				7E371AC61C89E04500ECACB9 /* BaseSampleDataLoader.swift */,
				7E371AC11C89D1CC00ECACB9 /* dataBuilderClasses */,
				D665DC331C8DD986002A77CB /* SouthAmericaTripLoader.swift */,
			);
			name = sampleData;
			sourceTree = "<group>";
		};
		7E371AC01C89D00100ECACB9 /* model */ = {
			isa = PBXGroup;
			children = (
				F0F015AA1C96FA1E00AE3DF9 /* Trip+CoreDataProperties.swift */,
				F0F015AD1C96FA1E00AE3DF9 /* Activity+CoreDataProperties.swift */,
				F0F015AF1C96FA1E00AE3DF9 /* Location+CoreDataProperties.swift */,
				D60083B81C71DC6A00D2E4A4 /* Activity.swift */,
				D60083B41C71DC6A00D2E4A4 /* Location.swift */,
				F0068B2D1C96F26C00BCF5F5 /* BlobImage.swift */,
				D60083B61C71DC6A00D2E4A4 /* Trip.swift */,
				F0068B301C96F26C00BCF5F5 /* BlobThumbnail.swift */,
				D60083B21C71DC6A00D2E4A4 /* Photo.swift */,
			);
			name = model;
			sourceTree = "<group>";
		};
		7E371AC11C89D1CC00ECACB9 /* dataBuilderClasses */ = {
			isa = PBXGroup;
			children = (
				7E0DB17C1C88CF46003D6B38 /* TripBuilder.swift */,
				7E0DB1851C88E009003D6B38 /* ActivityBuilder.swift */,
				7E0DB1871C88E57F003D6B38 /* LocationBuilder.swift */,
				7E371ABC1C88E76700ECACB9 /* PhotoBuilder.swift */,
				7E0DB1831C88DF47003D6B38 /* BaseBuilder.swift */,
			);
			name = dataBuilderClasses;
			sourceTree = "<group>";
		};
		7EA2AD131C7F886800A47422 /* trips */ = {
			isa = PBXGroup;
			children = (
				D274EC5E1C70A589000AA29D /* Trips.storyboard */,
				7E0DB1781C88A78B003D6B38 /* TripTableViewCell.xib */,
				7EB3514A1C82048300323D5E /* TripsTableViewController.swift */,
				7E0DB17A1C88A891003D6B38 /* TripTableViewCell.swift */,
				7EC3E50D1C8D804300BDA035 /* TripEdit.storyboard */,
				7EC3E5111C8D87EF00BDA035 /* TripEditViewController.swift */,
			);
			name = trips;
			sourceTree = "<group>";
		};
		D60083AE1C71CBE700D2E4A4 /* map */ = {
			isa = PBXGroup;
			children = (
				D21C68941C8C314F000C264C /* CLLocationManager+RequestAuthorization.swift */,
				D2311B561C9455EA00AF67C7 /* CLLocation+FormattedAdress.swift */,
				D274EC6F1C70B65D000AA29D /* Map.storyboard */,
				D274EC6A1C70B552000AA29D /* MapController.swift */,
				7EFA1F201C887C560063CC48 /* MapSearchController.swift */,
				D21C68961C8CD105000C264C /* MapSearchDelegate.swift */,
				D2519C601C90B57F005B2F68 /* LocationAnnotation.swift */,
			);
			name = map;
			sourceTree = "<group>";
		};
		D60083AF1C71CBED00D2E4A4 /* trip */ = {
			isa = PBXGroup;
			children = (
				D6711F591C97499600A4AFF5 /* ViewActivity.storyboard */,
				D6CA868C1C8A144D00C06550 /* CurrentTripDetailAdd.storyboard */,
				D68212701C78DD810046122E /* ActivityTableViewCell.xib */,
				D6EF6ECC1C68CD03006D098B /* CurrentTripController.swift */,
				D682126E1C78C7490046122E /* ActivityCell.swift */,
				D64D30B11C7A0E91009E3740 /* ActivityDetailController.swift */,
				D2AB1BFD1C8E09AD00DD5AFC /* ActivityLocationController.swift */,
				D25734041C8DA57F0017B94E /* ActivityLocation.storyboard */,
				D25734081C8DCCFC0017B94E /* ActivityLocationTableController.swift */,
				D257340C1C8DD0F80017B94E /* LocationSearchDelegate.swift */,
				D6F9EAEE1C95DA210079481F /* ActivityPhotoCell.swift */,
				D6F9EAF01C95FD610079481F /* ActivityPhotoViewController.swift */,
			);
			name = trip;
			sourceTree = "<group>";
		};
		D60083B01C71CBF600D2E4A4 /* photo */ = {
			isa = PBXGroup;
			children = (
				F0A2B9B41C90807D00709ECF /* tripPhotos */,
				F0A2B9B31C90807000709ECF /* allPhotos */,
				7EFA1F1F1C887C560063CC48 /* ImageViewController.swift */,
				D274EC671C70B484000AA29D /* Photos.storyboard */,
				D694674F1C96CBB100C4712B /* ImageView.storyboard */,
				D274EC651C70B3A5000AA29D /* PhotosController.swift */,
			);
			name = photo;
			sourceTree = "<group>";
		};
		D644B8FF1C73C38000B2D908 /* common */ = {
			isa = PBXGroup;
			children = (
				D644B9001C73C3A300B2D908 /* NSManagedObject+EntityName.swift */,
				D68212751C7915600046122E /* UIViewController+ManagedObjectContext.swift */,
				7EC3E5131C92081100BDA035 /* NSString+trimFunction.swift */,
				F06FED961C94AB0C00F9AFE7 /* CollectionType+GroupBy.swift */,
			);
			name = common;
			sourceTree = "<group>";
		};
		D6EF6EBE1C68CD03006D098B = {
			isa = PBXGroup;
			children = (
				D274EC711C70C009000AA29D /* MapKit.framework */,
				F0DA6C0E1C68CFF3007753F8 /* DataModel.xcdatamodeld */,
				D6EF6EC91C68CD03006D098B /* TravelDiary */,
				D6EF6EE01C68CD03006D098B /* TravelDiaryTests */,
				D6EF6EEB1C68CD03006D098B /* TravelDiaryUITests */,
				D6EF6EC81C68CD03006D098B /* Products */,
			);
			sourceTree = "<group>";
		};
		D6EF6EC81C68CD03006D098B /* Products */ = {
			isa = PBXGroup;
			children = (
				D6EF6EC71C68CD03006D098B /* TravelDiary.app */,
				D6EF6EDD1C68CD03006D098B /* TravelDiaryTests.xctest */,
				D6EF6EE81C68CD03006D098B /* TravelDiaryUITests.xctest */,
			);
			name = Products;
			sourceTree = "<group>";
		};
		D6EF6EC91C68CD03006D098B /* TravelDiary */ = {
			isa = PBXGroup;
			children = (
				D644B8FF1C73C38000B2D908 /* common */,
				7E371AC01C89D00100ECACB9 /* model */,
				7EA2AD131C7F886800A47422 /* trips */,
				D60083AF1C71CBED00D2E4A4 /* trip */,
				D60083B01C71CBF600D2E4A4 /* photo */,
				D60083AE1C71CBE700D2E4A4 /* map */,
				D6EF6ED01C68CD03006D098B /* Main.storyboard */,
				D6EF6ED51C68CD03006D098B /* LaunchScreen.storyboard */,
				D2DEC9CB1C96F374001B1AC1 /* CoreDataController.swift */,
				D2DEC9CD1C96FD82001B1AC1 /* AppDelegate+Appearance.swift */,
				D6EF6ECA1C68CD03006D098B /* AppDelegate.swift */,
				D6EF6ED31C68CD03006D098B /* Assets.xcassets */,
				D6EF6ED81C68CD03006D098B /* Info.plist */,
				7E0DB17E1C88CF53003D6B38 /* sampleData */,
			);
			path = TravelDiary;
			sourceTree = "<group>";
		};
		D6EF6EE01C68CD03006D098B /* TravelDiaryTests */ = {
			isa = PBXGroup;
			children = (
				D6EF6EE11C68CD03006D098B /* TravelDiaryTests.swift */,
				D6EF6EE31C68CD03006D098B /* Info.plist */,
				D644B8FB1C73B34000B2D908 /* CoreDataHelper.swift */,
				D6301CCD1C95C7E300BF5655 /* NSCompoundPredicateTest.swift */,
			);
			path = TravelDiaryTests;
			sourceTree = "<group>";
		};
		D6EF6EEB1C68CD03006D098B /* TravelDiaryUITests */ = {
			isa = PBXGroup;
			children = (
				D6EF6EEC1C68CD03006D098B /* TravelDiaryUITests.swift */,
				D6EF6EEE1C68CD03006D098B /* Info.plist */,
			);
			path = TravelDiaryUITests;
			sourceTree = "<group>";
		};
		F0A2B9B31C90807000709ECF /* allPhotos */ = {
			isa = PBXGroup;
			children = (
				F0AB01141C9144B50009E6B8 /* PhotosAllLoading.swift */,
				F0C369611C8DCA550013D461 /* PhotosAllController.swift */,
				F0AB01161C9144CC0009E6B8 /* PhotosAllCollectionViewCell.swift */,
				F0AB01181C9144D90009E6B8 /* PhotosAllCollectionViewDataSource.swift */,
			);
			name = allPhotos;
			sourceTree = "<group>";
		};
		F0A2B9B41C90807D00709ECF /* tripPhotos */ = {
			isa = PBXGroup;
			children = (
				F0CA4EA41C94E93C0052C85B /* TPCollectionViewCell.swift */,
				F0A2B9AF1C8DEE7600709ECF /* TPViewController.swift */,
				F0CA4EA61C956F040052C85B /* TPTableViewCell.swift */,
			);
			name = tripPhotos;
			sourceTree = "<group>";
		};
/* End PBXGroup section */

/* Begin PBXNativeTarget section */
		D6EF6EC61C68CD03006D098B /* TravelDiary */ = {
			isa = PBXNativeTarget;
			buildConfigurationList = D6EF6EF11C68CD03006D098B /* Build configuration list for PBXNativeTarget "TravelDiary" */;
			buildPhases = (
				D6EF6EC31C68CD03006D098B /* Sources */,
				D6EF6EC41C68CD03006D098B /* Frameworks */,
				D6EF6EC51C68CD03006D098B /* Resources */,
			);
			buildRules = (
			);
			dependencies = (
			);
			name = TravelDiary;
			productName = TravelDiary;
			productReference = D6EF6EC71C68CD03006D098B /* TravelDiary.app */;
			productType = "com.apple.product-type.application";
		};
		D6EF6EDC1C68CD03006D098B /* TravelDiaryTests */ = {
			isa = PBXNativeTarget;
			buildConfigurationList = D6EF6EF41C68CD03006D098B /* Build configuration list for PBXNativeTarget "TravelDiaryTests" */;
			buildPhases = (
				D6EF6ED91C68CD03006D098B /* Sources */,
				D6EF6EDA1C68CD03006D098B /* Frameworks */,
				D6EF6EDB1C68CD03006D098B /* Resources */,
			);
			buildRules = (
			);
			dependencies = (
				D6EF6EDF1C68CD03006D098B /* PBXTargetDependency */,
			);
			name = TravelDiaryTests;
			productName = TravelDiaryTests;
			productReference = D6EF6EDD1C68CD03006D098B /* TravelDiaryTests.xctest */;
			productType = "com.apple.product-type.bundle.unit-test";
		};
		D6EF6EE71C68CD03006D098B /* TravelDiaryUITests */ = {
			isa = PBXNativeTarget;
			buildConfigurationList = D6EF6EF71C68CD03006D098B /* Build configuration list for PBXNativeTarget "TravelDiaryUITests" */;
			buildPhases = (
				D6EF6EE41C68CD03006D098B /* Sources */,
				D6EF6EE51C68CD03006D098B /* Frameworks */,
				D6EF6EE61C68CD03006D098B /* Resources */,
			);
			buildRules = (
			);
			dependencies = (
				D6EF6EEA1C68CD03006D098B /* PBXTargetDependency */,
			);
			name = TravelDiaryUITests;
			productName = TravelDiaryUITests;
			productReference = D6EF6EE81C68CD03006D098B /* TravelDiaryUITests.xctest */;
			productType = "com.apple.product-type.bundle.ui-testing";
		};
/* End PBXNativeTarget section */

/* Begin PBXProject section */
		D6EF6EBF1C68CD03006D098B /* Project object */ = {
			isa = PBXProject;
			attributes = {
				LastSwiftUpdateCheck = 0720;
				LastUpgradeCheck = 0720;
				ORGANIZATIONNAME = PTPA;
				TargetAttributes = {
					D6EF6EC61C68CD03006D098B = {
						CreatedOnToolsVersion = 7.2;
						SystemCapabilities = {
							com.apple.Maps.iOS = {
								enabled = 1;
							};
						};
					};
					D6EF6EDC1C68CD03006D098B = {
						CreatedOnToolsVersion = 7.2;
						TestTargetID = D6EF6EC61C68CD03006D098B;
					};
					D6EF6EE71C68CD03006D098B = {
						CreatedOnToolsVersion = 7.2;
						TestTargetID = D6EF6EC61C68CD03006D098B;
					};
				};
			};
			buildConfigurationList = D6EF6EC21C68CD03006D098B /* Build configuration list for PBXProject "TravelDiary" */;
			compatibilityVersion = "Xcode 3.2";
			developmentRegion = English;
			hasScannedForEncodings = 0;
			knownRegions = (
				en,
				Base,
			);
			mainGroup = D6EF6EBE1C68CD03006D098B;
			productRefGroup = D6EF6EC81C68CD03006D098B /* Products */;
			projectDirPath = "";
			projectRoot = "";
			targets = (
				D6EF6EC61C68CD03006D098B /* TravelDiary */,
				D6EF6EDC1C68CD03006D098B /* TravelDiaryTests */,
				D6EF6EE71C68CD03006D098B /* TravelDiaryUITests */,
			);
		};
/* End PBXProject section */

/* Begin PBXResourcesBuildPhase section */
		D6EF6EC51C68CD03006D098B /* Resources */ = {
			isa = PBXResourcesBuildPhase;
			buildActionMask = 2147483647;
			files = (
				7E0DB1791C88A78B003D6B38 /* TripTableViewCell.xib in Resources */,
				D274EC601C70A589000AA29D /* Trips.storyboard in Resources */,
				D6EF6ED71C68CD03006D098B /* LaunchScreen.storyboard in Resources */,
				D274EC701C70B65D000AA29D /* Map.storyboard in Resources */,
				D69467501C96CBB100C4712B /* ImageView.storyboard in Resources */,
				D25734051C8DA57F0017B94E /* ActivityLocation.storyboard in Resources */,
				D6EF6ED41C68CD03006D098B /* Assets.xcassets in Resources */,
				7EC3E50E1C8D804300BDA035 /* TripEdit.storyboard in Resources */,
				D274EC691C70B484000AA29D /* Photos.storyboard in Resources */,
				D68212711C78DD820046122E /* ActivityTableViewCell.xib in Resources */,
				D6711F5A1C97499600A4AFF5 /* ViewActivity.storyboard in Resources */,
				D6EF6ED21C68CD03006D098B /* Main.storyboard in Resources */,
				D6CA868D1C8A144D00C06550 /* CurrentTripDetailAdd.storyboard in Resources */,
			);
			runOnlyForDeploymentPostprocessing = 0;
		};
		D6EF6EDB1C68CD03006D098B /* Resources */ = {
			isa = PBXResourcesBuildPhase;
			buildActionMask = 2147483647;
			files = (
			);
			runOnlyForDeploymentPostprocessing = 0;
		};
		D6EF6EE61C68CD03006D098B /* Resources */ = {
			isa = PBXResourcesBuildPhase;
			buildActionMask = 2147483647;
			files = (
			);
			runOnlyForDeploymentPostprocessing = 0;
		};
/* End PBXResourcesBuildPhase section */

/* Begin PBXSourcesBuildPhase section */
		D6EF6EC31C68CD03006D098B /* Sources */ = {
			isa = PBXSourcesBuildPhase;
			buildActionMask = 2147483647;
			files = (
				D60083BE1C71DC6A00D2E4A4 /* Trip.swift in Sources */,
				7E0DB17D1C88CF46003D6B38 /* TripBuilder.swift in Sources */,
				F0CA4EA51C94E93C0052C85B /* TPCollectionViewCell.swift in Sources */,
				D64D30B21C7A0E91009E3740 /* ActivityDetailController.swift in Sources */,
				7E0DB1861C88E009003D6B38 /* ActivityBuilder.swift in Sources */,
				7E0DB1881C88E57F003D6B38 /* LocationBuilder.swift in Sources */,
				F0CA4EA71C956F040052C85B /* TPTableViewCell.swift in Sources */,
				F0AB01151C9144B50009E6B8 /* PhotosAllLoading.swift in Sources */,
				D60083C01C71DC6A00D2E4A4 /* Activity.swift in Sources */,
				7EB3514B1C82048300323D5E /* TripsTableViewController.swift in Sources */,
				D2311B571C9455EA00AF67C7 /* CLLocation+FormattedAdress.swift in Sources */,
				7E371AC71C89E04500ECACB9 /* BaseSampleDataLoader.swift in Sources */,
				7EFA1F231C887C560063CC48 /* MapSearchController.swift in Sources */,
				D257340D1C8DD0F80017B94E /* LocationSearchDelegate.swift in Sources */,
				F0F015B31C96FA1E00AE3DF9 /* Activity+CoreDataProperties.swift in Sources */,
				D60083BA1C71DC6A00D2E4A4 /* Photo.swift in Sources */,
				D6F9EAEF1C95DA210079481F /* ActivityPhotoCell.swift in Sources */,
				7E371ABD1C88E76700ECACB9 /* PhotoBuilder.swift in Sources */,
				7E0DB1841C88DF47003D6B38 /* BaseBuilder.swift in Sources */,
				D2519C611C90B57F005B2F68 /* LocationAnnotation.swift in Sources */,
				7E371AC51C89DC7100ECACB9 /* AustraliaTripDataLoader.swift in Sources */,
				7E0DB1821C88DCAF003D6B38 /* BaseTripDataLoader.swift in Sources */,
				D21C68971C8CD105000C264C /* MapSearchDelegate.swift in Sources */,
				F0F015B51C96FA1E00AE3DF9 /* Location+CoreDataProperties.swift in Sources */,
				F06FED971C94AB0C00F9AFE7 /* CollectionType+GroupBy.swift in Sources */,
				7EC3E5121C8D87EF00BDA035 /* TripEditViewController.swift in Sources */,
				F0A2B9B01C8DEE7600709ECF /* TPViewController.swift in Sources */,
				F0AB01191C9144D90009E6B8 /* PhotosAllCollectionViewDataSource.swift in Sources */,
				D6F9EAF11C95FD610079481F /* ActivityPhotoViewController.swift in Sources */,
				D682126F1C78C7490046122E /* ActivityCell.swift in Sources */,
				D665DC341C8DD986002A77CB /* SouthAmericaTripLoader.swift in Sources */,
				D21C68951C8C314F000C264C /* CLLocationManager+RequestAuthorization.swift in Sources */,
				D2DEC9CE1C96FD82001B1AC1 /* AppDelegate+Appearance.swift in Sources */,
				D60083BC1C71DC6A00D2E4A4 /* Location.swift in Sources */,
				F0C369621C8DCA550013D461 /* PhotosAllController.swift in Sources */,
				D25734091C8DCCFC0017B94E /* ActivityLocationTableController.swift in Sources */,
				D68212761C7915600046122E /* UIViewController+ManagedObjectContext.swift in Sources */,
				D2DEC9CC1C96F374001B1AC1 /* CoreDataController.swift in Sources */,
				7E0DB1801C88D4E4003D6B38 /* SampleDataLoader.swift in Sources */,
				7E371AC31C89D28500ECACB9 /* ExampleTripDataLoader.swift in Sources */,
				D274EC661C70B3A5000AA29D /* PhotosController.swift in Sources */,
				D644B9011C73C3A300B2D908 /* NSManagedObject+EntityName.swift in Sources */,
				F0F015B01C96FA1E00AE3DF9 /* Trip+CoreDataProperties.swift in Sources */,
				7E0DB17B1C88A891003D6B38 /* TripTableViewCell.swift in Sources */,
				F0068B351C96F26C00BCF5F5 /* BlobImage.swift in Sources */,
				D2AB1BFE1C8E09AD00DD5AFC /* ActivityLocationController.swift in Sources */,
				F0068B381C96F26C00BCF5F5 /* BlobThumbnail.swift in Sources */,
				F0DA6C101C68CFF3007753F8 /* DataModel.xcdatamodeld in Sources */,
				D6EF6ECB1C68CD03006D098B /* AppDelegate.swift in Sources */,
				F0AB01171C9144CC0009E6B8 /* PhotosAllCollectionViewCell.swift in Sources */,
				D274EC6B1C70B552000AA29D /* MapController.swift in Sources */,
				7EFA1F221C887C560063CC48 /* ImageViewController.swift in Sources */,
				7EC3E5141C92081100BDA035 /* NSString+trimFunction.swift in Sources */,
				D6EF6ECD1C68CD03006D098B /* CurrentTripController.swift in Sources */,
			);
			runOnlyForDeploymentPostprocessing = 0;
		};
		D6EF6ED91C68CD03006D098B /* Sources */ = {
			isa = PBXSourcesBuildPhase;
			buildActionMask = 2147483647;
			files = (
				D6301CCE1C95C7E300BF5655 /* NSCompoundPredicateTest.swift in Sources */,
				D644B8FC1C73B34000B2D908 /* CoreDataHelper.swift in Sources */,
				D6EF6EE21C68CD03006D098B /* TravelDiaryTests.swift in Sources */,
			);
			runOnlyForDeploymentPostprocessing = 0;
		};
		D6EF6EE41C68CD03006D098B /* Sources */ = {
			isa = PBXSourcesBuildPhase;
			buildActionMask = 2147483647;
			files = (
				D6EF6EED1C68CD03006D098B /* TravelDiaryUITests.swift in Sources */,
			);
			runOnlyForDeploymentPostprocessing = 0;
		};
/* End PBXSourcesBuildPhase section */

/* Begin PBXTargetDependency section */
		D6EF6EDF1C68CD03006D098B /* PBXTargetDependency */ = {
			isa = PBXTargetDependency;
			target = D6EF6EC61C68CD03006D098B /* TravelDiary */;
			targetProxy = D6EF6EDE1C68CD03006D098B /* PBXContainerItemProxy */;
		};
		D6EF6EEA1C68CD03006D098B /* PBXTargetDependency */ = {
			isa = PBXTargetDependency;
			target = D6EF6EC61C68CD03006D098B /* TravelDiary */;
			targetProxy = D6EF6EE91C68CD03006D098B /* PBXContainerItemProxy */;
		};
/* End PBXTargetDependency section */

/* Begin PBXVariantGroup section */
		D274EC5E1C70A589000AA29D /* Trips.storyboard */ = {
			isa = PBXVariantGroup;
			children = (
				D274EC5F1C70A589000AA29D /* Base */,
			);
			name = Trips.storyboard;
			sourceTree = "<group>";
		};
		D274EC671C70B484000AA29D /* Photos.storyboard */ = {
			isa = PBXVariantGroup;
			children = (
				D274EC681C70B484000AA29D /* Base */,
			);
			name = Photos.storyboard;
			sourceTree = "<group>";
		};
		D6EF6ED01C68CD03006D098B /* Main.storyboard */ = {
			isa = PBXVariantGroup;
			children = (
				D6EF6ED11C68CD03006D098B /* Base */,
			);
			name = Main.storyboard;
			sourceTree = "<group>";
		};
		D6EF6ED51C68CD03006D098B /* LaunchScreen.storyboard */ = {
			isa = PBXVariantGroup;
			children = (
				D6EF6ED61C68CD03006D098B /* Base */,
			);
			name = LaunchScreen.storyboard;
			sourceTree = "<group>";
		};
/* End PBXVariantGroup section */

/* Begin XCBuildConfiguration section */
		D6EF6EEF1C68CD03006D098B /* Debug */ = {
			isa = XCBuildConfiguration;
			buildSettings = {
				ALWAYS_SEARCH_USER_PATHS = NO;
				CLANG_CXX_LANGUAGE_STANDARD = "gnu++0x";
				CLANG_CXX_LIBRARY = "libc++";
				CLANG_ENABLE_MODULES = YES;
				CLANG_ENABLE_OBJC_ARC = YES;
				CLANG_WARN_BOOL_CONVERSION = YES;
				CLANG_WARN_CONSTANT_CONVERSION = YES;
				CLANG_WARN_DIRECT_OBJC_ISA_USAGE = YES_ERROR;
				CLANG_WARN_EMPTY_BODY = YES;
				CLANG_WARN_ENUM_CONVERSION = YES;
				CLANG_WARN_INT_CONVERSION = YES;
				CLANG_WARN_OBJC_ROOT_CLASS = YES_ERROR;
				CLANG_WARN_UNREACHABLE_CODE = YES;
				CLANG_WARN__DUPLICATE_METHOD_MATCH = YES;
				"CODE_SIGN_IDENTITY[sdk=iphoneos*]" = "iPhone Developer";
				COPY_PHASE_STRIP = NO;
				DEBUG_INFORMATION_FORMAT = dwarf;
				ENABLE_STRICT_OBJC_MSGSEND = YES;
				ENABLE_TESTABILITY = YES;
				GCC_C_LANGUAGE_STANDARD = gnu99;
				GCC_DYNAMIC_NO_PIC = NO;
				GCC_NO_COMMON_BLOCKS = YES;
				GCC_OPTIMIZATION_LEVEL = 0;
				GCC_PREPROCESSOR_DEFINITIONS = (
					"DEBUG=1",
					"$(inherited)",
				);
				GCC_WARN_64_TO_32_BIT_CONVERSION = YES;
				GCC_WARN_ABOUT_RETURN_TYPE = YES_ERROR;
				GCC_WARN_UNDECLARED_SELECTOR = YES;
				GCC_WARN_UNINITIALIZED_AUTOS = YES_AGGRESSIVE;
				GCC_WARN_UNUSED_FUNCTION = YES;
				GCC_WARN_UNUSED_VARIABLE = YES;
				IPHONEOS_DEPLOYMENT_TARGET = 9.2;
				MTL_ENABLE_DEBUG_INFO = YES;
				ONLY_ACTIVE_ARCH = YES;
				SDKROOT = iphoneos;
				SWIFT_OPTIMIZATION_LEVEL = "-Onone";
			};
			name = Debug;
		};
		D6EF6EF01C68CD03006D098B /* Release */ = {
			isa = XCBuildConfiguration;
			buildSettings = {
				ALWAYS_SEARCH_USER_PATHS = NO;
				CLANG_CXX_LANGUAGE_STANDARD = "gnu++0x";
				CLANG_CXX_LIBRARY = "libc++";
				CLANG_ENABLE_MODULES = YES;
				CLANG_ENABLE_OBJC_ARC = YES;
				CLANG_WARN_BOOL_CONVERSION = YES;
				CLANG_WARN_CONSTANT_CONVERSION = YES;
				CLANG_WARN_DIRECT_OBJC_ISA_USAGE = YES_ERROR;
				CLANG_WARN_EMPTY_BODY = YES;
				CLANG_WARN_ENUM_CONVERSION = YES;
				CLANG_WARN_INT_CONVERSION = YES;
				CLANG_WARN_OBJC_ROOT_CLASS = YES_ERROR;
				CLANG_WARN_UNREACHABLE_CODE = YES;
				CLANG_WARN__DUPLICATE_METHOD_MATCH = YES;
				"CODE_SIGN_IDENTITY[sdk=iphoneos*]" = "iPhone Developer";
				COPY_PHASE_STRIP = NO;
				DEBUG_INFORMATION_FORMAT = "dwarf-with-dsym";
				ENABLE_NS_ASSERTIONS = NO;
				ENABLE_STRICT_OBJC_MSGSEND = YES;
				GCC_C_LANGUAGE_STANDARD = gnu99;
				GCC_NO_COMMON_BLOCKS = YES;
				GCC_WARN_64_TO_32_BIT_CONVERSION = YES;
				GCC_WARN_ABOUT_RETURN_TYPE = YES_ERROR;
				GCC_WARN_UNDECLARED_SELECTOR = YES;
				GCC_WARN_UNINITIALIZED_AUTOS = YES_AGGRESSIVE;
				GCC_WARN_UNUSED_FUNCTION = YES;
				GCC_WARN_UNUSED_VARIABLE = YES;
				IPHONEOS_DEPLOYMENT_TARGET = 9.2;
				MTL_ENABLE_DEBUG_INFO = NO;
				SDKROOT = iphoneos;
				VALIDATE_PRODUCT = YES;
			};
			name = Release;
		};
		D6EF6EF21C68CD03006D098B /* Debug */ = {
			isa = XCBuildConfiguration;
			buildSettings = {
				ASSETCATALOG_COMPILER_APPICON_NAME = AppIcon;
				INFOPLIST_FILE = TravelDiary/Info.plist;
				LD_RUNPATH_SEARCH_PATHS = "$(inherited) @executable_path/Frameworks";
				PRODUCT_BUNDLE_IDENTIFIER = ch.bfh.mad2015.ios.TravelDiary;
				PRODUCT_NAME = "$(TARGET_NAME)";
			};
			name = Debug;
		};
		D6EF6EF31C68CD03006D098B /* Release */ = {
			isa = XCBuildConfiguration;
			buildSettings = {
				ASSETCATALOG_COMPILER_APPICON_NAME = AppIcon;
				INFOPLIST_FILE = TravelDiary/Info.plist;
				LD_RUNPATH_SEARCH_PATHS = "$(inherited) @executable_path/Frameworks";
				PRODUCT_BUNDLE_IDENTIFIER = ch.bfh.mad2015.ios.TravelDiary;
				PRODUCT_NAME = "$(TARGET_NAME)";
			};
			name = Release;
		};
		D6EF6EF51C68CD03006D098B /* Debug */ = {
			isa = XCBuildConfiguration;
			buildSettings = {
				BUNDLE_LOADER = "$(TEST_HOST)";
				INFOPLIST_FILE = TravelDiaryTests/Info.plist;
				LD_RUNPATH_SEARCH_PATHS = "$(inherited) @executable_path/Frameworks @loader_path/Frameworks";
				PRODUCT_BUNDLE_IDENTIFIER = ch.bfh.mad2015.ios.TravelDiaryTests;
				PRODUCT_NAME = "$(TARGET_NAME)";
				TEST_HOST = "$(BUILT_PRODUCTS_DIR)/TravelDiary.app/TravelDiary";
			};
			name = Debug;
		};
		D6EF6EF61C68CD03006D098B /* Release */ = {
			isa = XCBuildConfiguration;
			buildSettings = {
				BUNDLE_LOADER = "$(TEST_HOST)";
				INFOPLIST_FILE = TravelDiaryTests/Info.plist;
				LD_RUNPATH_SEARCH_PATHS = "$(inherited) @executable_path/Frameworks @loader_path/Frameworks";
				PRODUCT_BUNDLE_IDENTIFIER = ch.bfh.mad2015.ios.TravelDiaryTests;
				PRODUCT_NAME = "$(TARGET_NAME)";
				TEST_HOST = "$(BUILT_PRODUCTS_DIR)/TravelDiary.app/TravelDiary";
			};
			name = Release;
		};
		D6EF6EF81C68CD03006D098B /* Debug */ = {
			isa = XCBuildConfiguration;
			buildSettings = {
				INFOPLIST_FILE = TravelDiaryUITests/Info.plist;
				LD_RUNPATH_SEARCH_PATHS = "$(inherited) @executable_path/Frameworks @loader_path/Frameworks";
				PRODUCT_BUNDLE_IDENTIFIER = ch.bfh.mad2015.ios.TravelDiaryUITests;
				PRODUCT_NAME = "$(TARGET_NAME)";
				TEST_TARGET_NAME = TravelDiary;
				USES_XCTRUNNER = YES;
			};
			name = Debug;
		};
		D6EF6EF91C68CD03006D098B /* Release */ = {
			isa = XCBuildConfiguration;
			buildSettings = {
				INFOPLIST_FILE = TravelDiaryUITests/Info.plist;
				LD_RUNPATH_SEARCH_PATHS = "$(inherited) @executable_path/Frameworks @loader_path/Frameworks";
				PRODUCT_BUNDLE_IDENTIFIER = ch.bfh.mad2015.ios.TravelDiaryUITests;
				PRODUCT_NAME = "$(TARGET_NAME)";
				TEST_TARGET_NAME = TravelDiary;
				USES_XCTRUNNER = YES;
			};
			name = Release;
		};
/* End XCBuildConfiguration section */

/* Begin XCConfigurationList section */
		D6EF6EC21C68CD03006D098B /* Build configuration list for PBXProject "TravelDiary" */ = {
			isa = XCConfigurationList;
			buildConfigurations = (
				D6EF6EEF1C68CD03006D098B /* Debug */,
				D6EF6EF01C68CD03006D098B /* Release */,
			);
			defaultConfigurationIsVisible = 0;
			defaultConfigurationName = Release;
		};
		D6EF6EF11C68CD03006D098B /* Build configuration list for PBXNativeTarget "TravelDiary" */ = {
			isa = XCConfigurationList;
			buildConfigurations = (
				D6EF6EF21C68CD03006D098B /* Debug */,
				D6EF6EF31C68CD03006D098B /* Release */,
			);
			defaultConfigurationIsVisible = 0;
			defaultConfigurationName = Release;
		};
		D6EF6EF41C68CD03006D098B /* Build configuration list for PBXNativeTarget "TravelDiaryTests" */ = {
			isa = XCConfigurationList;
			buildConfigurations = (
				D6EF6EF51C68CD03006D098B /* Debug */,
				D6EF6EF61C68CD03006D098B /* Release */,
			);
			defaultConfigurationIsVisible = 0;
			defaultConfigurationName = Release;
		};
		D6EF6EF71C68CD03006D098B /* Build configuration list for PBXNativeTarget "TravelDiaryUITests" */ = {
			isa = XCConfigurationList;
			buildConfigurations = (
				D6EF6EF81C68CD03006D098B /* Debug */,
				D6EF6EF91C68CD03006D098B /* Release */,
			);
			defaultConfigurationIsVisible = 0;
			defaultConfigurationName = Release;
		};
/* End XCConfigurationList section */

/* Begin XCVersionGroup section */
		F0DA6C0E1C68CFF3007753F8 /* DataModel.xcdatamodeld */ = {
			isa = XCVersionGroup;
			children = (
				F0DA6C0F1C68CFF3007753F8 /* DataModel.xcdatamodel */,
			);
			currentVersion = F0DA6C0F1C68CFF3007753F8 /* DataModel.xcdatamodel */;
			path = DataModel.xcdatamodeld;
			sourceTree = "<group>";
			versionGroupType = wrapper.xcdatamodel;
		};
/* End XCVersionGroup section */
	};
	rootObject = D6EF6EBF1C68CD03006D098B /* Project object */;
}
