// !$*UTF8*$!
{
	archiveVersion = 1;
	classes = {
	};
	objectVersion = 46;
	objects = {

/* Begin PBXBuildFile section */
		D274EC601C70A589000AA29D /* Trips.storyboard in Resources */ = {isa = PBXBuildFile; fileRef = D274EC5E1C70A589000AA29D /* Trips.storyboard */; };
		D274EC661C70B3A5000AA29D /* PhotosController.swift in Sources */ = {isa = PBXBuildFile; fileRef = D274EC651C70B3A5000AA29D /* PhotosController.swift */; };
		D274EC691C70B484000AA29D /* Photos.storyboard in Resources */ = {isa = PBXBuildFile; fileRef = D274EC671C70B484000AA29D /* Photos.storyboard */; };
		D274EC6B1C70B552000AA29D /* MapController.swift in Sources */ = {isa = PBXBuildFile; fileRef = D274EC6A1C70B552000AA29D /* MapController.swift */; };
		D274EC701C70B65D000AA29D /* Map.storyboard in Resources */ = {isa = PBXBuildFile; fileRef = D274EC6F1C70B65D000AA29D /* Map.storyboard */; };
		D274EC721C70C009000AA29D /* MapKit.framework in Frameworks */ = {isa = PBXBuildFile; fileRef = D274EC711C70C009000AA29D /* MapKit.framework */; };
		D60083B91C71DC6A00D2E4A4 /* Photo+CoreDataProperties.swift in Sources */ = {isa = PBXBuildFile; fileRef = D60083B11C71DC6A00D2E4A4 /* Photo+CoreDataProperties.swift */; };
		D60083BA1C71DC6A00D2E4A4 /* Photo.swift in Sources */ = {isa = PBXBuildFile; fileRef = D60083B21C71DC6A00D2E4A4 /* Photo.swift */; };
		D60083BB1C71DC6A00D2E4A4 /* Location+CoreDataProperties.swift in Sources */ = {isa = PBXBuildFile; fileRef = D60083B31C71DC6A00D2E4A4 /* Location+CoreDataProperties.swift */; };
		D60083BC1C71DC6A00D2E4A4 /* Location.swift in Sources */ = {isa = PBXBuildFile; fileRef = D60083B41C71DC6A00D2E4A4 /* Location.swift */; };
		D60083BD1C71DC6A00D2E4A4 /* Trip+CoreDataProperties.swift in Sources */ = {isa = PBXBuildFile; fileRef = D60083B51C71DC6A00D2E4A4 /* Trip+CoreDataProperties.swift */; };
		D60083BE1C71DC6A00D2E4A4 /* Trip.swift in Sources */ = {isa = PBXBuildFile; fileRef = D60083B61C71DC6A00D2E4A4 /* Trip.swift */; };
		D60083BF1C71DC6A00D2E4A4 /* Activity+CoreDataProperties.swift in Sources */ = {isa = PBXBuildFile; fileRef = D60083B71C71DC6A00D2E4A4 /* Activity+CoreDataProperties.swift */; };
		D60083C01C71DC6A00D2E4A4 /* Activity.swift in Sources */ = {isa = PBXBuildFile; fileRef = D60083B81C71DC6A00D2E4A4 /* Activity.swift */; };
		D644B8FC1C73B34000B2D908 /* CoreDataHelper.swift in Sources */ = {isa = PBXBuildFile; fileRef = D644B8FB1C73B34000B2D908 /* CoreDataHelper.swift */; };
		D644B9011C73C3A300B2D908 /* NSManagedObject.swift in Sources */ = {isa = PBXBuildFile; fileRef = D644B9001C73C3A300B2D908 /* NSManagedObject.swift */; };
		D64D30B21C7A0E91009E3740 /* ActivityDetailController.swift in Sources */ = {isa = PBXBuildFile; fileRef = D64D30B11C7A0E91009E3740 /* ActivityDetailController.swift */; };
		D682126F1C78C7490046122E /* ActivityCell.swift in Sources */ = {isa = PBXBuildFile; fileRef = D682126E1C78C7490046122E /* ActivityCell.swift */; };
		D68212711C78DD820046122E /* ActivityTableViewCell.xib in Resources */ = {isa = PBXBuildFile; fileRef = D68212701C78DD810046122E /* ActivityTableViewCell.xib */; };
		D68212741C78ED220046122E /* CurrentTrip.storyboard in Resources */ = {isa = PBXBuildFile; fileRef = D68212721C78ED220046122E /* CurrentTrip.storyboard */; };
		D68212761C7915600046122E /* UIViewController.swift in Sources */ = {isa = PBXBuildFile; fileRef = D68212751C7915600046122E /* UIViewController.swift */; };
		D6EF6ECB1C68CD03006D098B /* AppDelegate.swift in Sources */ = {isa = PBXBuildFile; fileRef = D6EF6ECA1C68CD03006D098B /* AppDelegate.swift */; };
		D6EF6ECD1C68CD03006D098B /* CurrentTripController.swift in Sources */ = {isa = PBXBuildFile; fileRef = D6EF6ECC1C68CD03006D098B /* CurrentTripController.swift */; };
		D6EF6ECF1C68CD03006D098B /* TripsController.swift in Sources */ = {isa = PBXBuildFile; fileRef = D6EF6ECE1C68CD03006D098B /* TripsController.swift */; };
		D6EF6ED21C68CD03006D098B /* Main.storyboard in Resources */ = {isa = PBXBuildFile; fileRef = D6EF6ED01C68CD03006D098B /* Main.storyboard */; };
		D6EF6ED41C68CD03006D098B /* Assets.xcassets in Resources */ = {isa = PBXBuildFile; fileRef = D6EF6ED31C68CD03006D098B /* Assets.xcassets */; };
		D6EF6ED71C68CD03006D098B /* LaunchScreen.storyboard in Resources */ = {isa = PBXBuildFile; fileRef = D6EF6ED51C68CD03006D098B /* LaunchScreen.storyboard */; };
		D6EF6EE21C68CD03006D098B /* TravelDiaryTests.swift in Sources */ = {isa = PBXBuildFile; fileRef = D6EF6EE11C68CD03006D098B /* TravelDiaryTests.swift */; };
		D6EF6EED1C68CD03006D098B /* TravelDiaryUITests.swift in Sources */ = {isa = PBXBuildFile; fileRef = D6EF6EEC1C68CD03006D098B /* TravelDiaryUITests.swift */; };
		F0DA6C101C68CFF3007753F8 /* DataModel.xcdatamodeld in Sources */ = {isa = PBXBuildFile; fileRef = F0DA6C0E1C68CFF3007753F8 /* DataModel.xcdatamodeld */; };
/* End PBXBuildFile section */

/* Begin PBXContainerItemProxy section */
		D6EF6EDE1C68CD03006D098B /* PBXContainerItemProxy */ = {
			isa = PBXContainerItemProxy;
			containerPortal = D6EF6EBF1C68CD03006D098B /* Project object */;
			proxyType = 1;
			remoteGlobalIDString = D6EF6EC61C68CD03006D098B;
			remoteInfo = TravelDiary;
		};
		D6EF6EE91C68CD03006D098B /* PBXContainerItemProxy */ = {
			isa = PBXContainerItemProxy;
			containerPortal = D6EF6EBF1C68CD03006D098B /* Project object */;
			proxyType = 1;
			remoteGlobalIDString = D6EF6EC61C68CD03006D098B;
			remoteInfo = TravelDiary;
		};
/* End PBXContainerItemProxy section */

/* Begin PBXFileReference section */
		D274EC5F1C70A589000AA29D /* Base */ = {isa = PBXFileReference; lastKnownFileType = file.storyboard; name = Base; path = Base.lproj/Trips.storyboard; sourceTree = "<group>"; };
		D274EC651C70B3A5000AA29D /* PhotosController.swift */ = {isa = PBXFileReference; fileEncoding = 4; lastKnownFileType = sourcecode.swift; path = PhotosController.swift; sourceTree = "<group>"; };
		D274EC681C70B484000AA29D /* Base */ = {isa = PBXFileReference; lastKnownFileType = file.storyboard; name = Base; path = Base.lproj/Photos.storyboard; sourceTree = "<group>"; };
		D274EC6A1C70B552000AA29D /* MapController.swift */ = {isa = PBXFileReference; fileEncoding = 4; lastKnownFileType = sourcecode.swift; path = MapController.swift; sourceTree = "<group>"; };
		D274EC6F1C70B65D000AA29D /* Map.storyboard */ = {isa = PBXFileReference; fileEncoding = 4; lastKnownFileType = file.storyboard; path = Map.storyboard; sourceTree = "<group>"; };
		D274EC711C70C009000AA29D /* MapKit.framework */ = {isa = PBXFileReference; lastKnownFileType = wrapper.framework; name = MapKit.framework; path = System/Library/Frameworks/MapKit.framework; sourceTree = SDKROOT; };
		D60083B11C71DC6A00D2E4A4 /* Photo+CoreDataProperties.swift */ = {isa = PBXFileReference; fileEncoding = 4; lastKnownFileType = sourcecode.swift; path = "Photo+CoreDataProperties.swift"; sourceTree = "<group>"; };
		D60083B21C71DC6A00D2E4A4 /* Photo.swift */ = {isa = PBXFileReference; fileEncoding = 4; lastKnownFileType = sourcecode.swift; path = Photo.swift; sourceTree = "<group>"; };
		D60083B31C71DC6A00D2E4A4 /* Location+CoreDataProperties.swift */ = {isa = PBXFileReference; fileEncoding = 4; lastKnownFileType = sourcecode.swift; path = "Location+CoreDataProperties.swift"; sourceTree = "<group>"; };
		D60083B41C71DC6A00D2E4A4 /* Location.swift */ = {isa = PBXFileReference; fileEncoding = 4; lastKnownFileType = sourcecode.swift; path = Location.swift; sourceTree = "<group>"; };
		D60083B51C71DC6A00D2E4A4 /* Trip+CoreDataProperties.swift */ = {isa = PBXFileReference; fileEncoding = 4; lastKnownFileType = sourcecode.swift; path = "Trip+CoreDataProperties.swift"; sourceTree = "<group>"; };
		D60083B61C71DC6A00D2E4A4 /* Trip.swift */ = {isa = PBXFileReference; fileEncoding = 4; lastKnownFileType = sourcecode.swift; path = Trip.swift; sourceTree = "<group>"; };
		D60083B71C71DC6A00D2E4A4 /* Activity+CoreDataProperties.swift */ = {isa = PBXFileReference; fileEncoding = 4; lastKnownFileType = sourcecode.swift; path = "Activity+CoreDataProperties.swift"; sourceTree = "<group>"; };
		D60083B81C71DC6A00D2E4A4 /* Activity.swift */ = {isa = PBXFileReference; fileEncoding = 4; lastKnownFileType = sourcecode.swift; path = Activity.swift; sourceTree = "<group>"; };
		D644B8FB1C73B34000B2D908 /* CoreDataHelper.swift */ = {isa = PBXFileReference; fileEncoding = 4; lastKnownFileType = sourcecode.swift; path = CoreDataHelper.swift; sourceTree = "<group>"; };
		D644B9001C73C3A300B2D908 /* NSManagedObject.swift */ = {isa = PBXFileReference; fileEncoding = 4; lastKnownFileType = sourcecode.swift; path = NSManagedObject.swift; sourceTree = "<group>"; };
		D64D30B11C7A0E91009E3740 /* ActivityDetailController.swift */ = {isa = PBXFileReference; fileEncoding = 4; lastKnownFileType = sourcecode.swift; path = ActivityDetailController.swift; sourceTree = "<group>"; };
		D682126E1C78C7490046122E /* ActivityCell.swift */ = {isa = PBXFileReference; fileEncoding = 4; lastKnownFileType = sourcecode.swift; path = ActivityCell.swift; sourceTree = "<group>"; };
		D68212701C78DD810046122E /* ActivityTableViewCell.xib */ = {isa = PBXFileReference; fileEncoding = 4; lastKnownFileType = file.xib; path = ActivityTableViewCell.xib; sourceTree = "<group>"; };
		D68212731C78ED220046122E /* Base */ = {isa = PBXFileReference; lastKnownFileType = file.storyboard; name = Base; path = Base.lproj/CurrentTrip.storyboard; sourceTree = "<group>"; };
		D68212751C7915600046122E /* UIViewController.swift */ = {isa = PBXFileReference; fileEncoding = 4; lastKnownFileType = sourcecode.swift; path = UIViewController.swift; sourceTree = "<group>"; };
		D6EF6EC71C68CD03006D098B /* TravelDiary.app */ = {isa = PBXFileReference; explicitFileType = wrapper.application; includeInIndex = 0; path = TravelDiary.app; sourceTree = BUILT_PRODUCTS_DIR; };
		D6EF6ECA1C68CD03006D098B /* AppDelegate.swift */ = {isa = PBXFileReference; lastKnownFileType = sourcecode.swift; path = AppDelegate.swift; sourceTree = "<group>"; };
		D6EF6ECC1C68CD03006D098B /* CurrentTripController.swift */ = {isa = PBXFileReference; lastKnownFileType = sourcecode.swift; path = CurrentTripController.swift; sourceTree = "<group>"; };
		D6EF6ECE1C68CD03006D098B /* TripsController.swift */ = {isa = PBXFileReference; lastKnownFileType = sourcecode.swift; path = TripsController.swift; sourceTree = "<group>"; };
		D6EF6ED11C68CD03006D098B /* Base */ = {isa = PBXFileReference; lastKnownFileType = file.storyboard; name = Base; path = Base.lproj/Main.storyboard; sourceTree = "<group>"; };
		D6EF6ED31C68CD03006D098B /* Assets.xcassets */ = {isa = PBXFileReference; lastKnownFileType = folder.assetcatalog; path = Assets.xcassets; sourceTree = "<group>"; };
		D6EF6ED61C68CD03006D098B /* Base */ = {isa = PBXFileReference; lastKnownFileType = file.storyboard; name = Base; path = Base.lproj/LaunchScreen.storyboard; sourceTree = "<group>"; };
		D6EF6ED81C68CD03006D098B /* Info.plist */ = {isa = PBXFileReference; lastKnownFileType = text.plist.xml; path = Info.plist; sourceTree = "<group>"; };
		D6EF6EDD1C68CD03006D098B /* TravelDiaryTests.xctest */ = {isa = PBXFileReference; explicitFileType = wrapper.cfbundle; includeInIndex = 0; path = TravelDiaryTests.xctest; sourceTree = BUILT_PRODUCTS_DIR; };
		D6EF6EE11C68CD03006D098B /* TravelDiaryTests.swift */ = {isa = PBXFileReference; lastKnownFileType = sourcecode.swift; path = TravelDiaryTests.swift; sourceTree = "<group>"; };
		D6EF6EE31C68CD03006D098B /* Info.plist */ = {isa = PBXFileReference; lastKnownFileType = text.plist.xml; path = Info.plist; sourceTree = "<group>"; };
		D6EF6EE81C68CD03006D098B /* TravelDiaryUITests.xctest */ = {isa = PBXFileReference; explicitFileType = wrapper.cfbundle; includeInIndex = 0; path = TravelDiaryUITests.xctest; sourceTree = BUILT_PRODUCTS_DIR; };
		D6EF6EEC1C68CD03006D098B /* TravelDiaryUITests.swift */ = {isa = PBXFileReference; lastKnownFileType = sourcecode.swift; path = TravelDiaryUITests.swift; sourceTree = "<group>"; };
		D6EF6EEE1C68CD03006D098B /* Info.plist */ = {isa = PBXFileReference; lastKnownFileType = text.plist.xml; path = Info.plist; sourceTree = "<group>"; };
		F0DA6C0F1C68CFF3007753F8 /* DataModel.xcdatamodel */ = {isa = PBXFileReference; lastKnownFileType = wrapper.xcdatamodel; path = DataModel.xcdatamodel; sourceTree = "<group>"; };
/* End PBXFileReference section */

/* Begin PBXFrameworksBuildPhase section */
		D6EF6EC41C68CD03006D098B /* Frameworks */ = {
			isa = PBXFrameworksBuildPhase;
			buildActionMask = 2147483647;
			files = (
				D274EC721C70C009000AA29D /* MapKit.framework in Frameworks */,
			);
			runOnlyForDeploymentPostprocessing = 0;
		};
		D6EF6EDA1C68CD03006D098B /* Frameworks */ = {
			isa = PBXFrameworksBuildPhase;
			buildActionMask = 2147483647;
			files = (
			);
			runOnlyForDeploymentPostprocessing = 0;
		};
		D6EF6EE51C68CD03006D098B /* Frameworks */ = {
			isa = PBXFrameworksBuildPhase;
			buildActionMask = 2147483647;
			files = (
			);
			runOnlyForDeploymentPostprocessing = 0;
		};
/* End PBXFrameworksBuildPhase section */

/* Begin PBXGroup section */
		D60083AE1C71CBE700D2E4A4 /* map */ = {
			isa = PBXGroup;
			children = (
				D60083B31C71DC6A00D2E4A4 /* Location+CoreDataProperties.swift */,
				D60083B41C71DC6A00D2E4A4 /* Location.swift */,
				D274EC6F1C70B65D000AA29D /* Map.storyboard */,
				D274EC6A1C70B552000AA29D /* MapController.swift */,
			);
			name = map;
			sourceTree = "<group>";
		};
		D60083AF1C71CBED00D2E4A4 /* trip */ = {
			isa = PBXGroup;
			children = (
				D68212721C78ED220046122E /* CurrentTrip.storyboard */,
				D68212701C78DD810046122E /* ActivityTableViewCell.xib */,
				D60083B51C71DC6A00D2E4A4 /* Trip+CoreDataProperties.swift */,
				D60083B61C71DC6A00D2E4A4 /* Trip.swift */,
				D60083B71C71DC6A00D2E4A4 /* Activity+CoreDataProperties.swift */,
				D60083B81C71DC6A00D2E4A4 /* Activity.swift */,
				D6EF6ECE1C68CD03006D098B /* TripsController.swift */,
				D274EC5E1C70A589000AA29D /* Trips.storyboard */,
				D6EF6ECC1C68CD03006D098B /* CurrentTripController.swift */,
				D682126E1C78C7490046122E /* ActivityCell.swift */,
				D64D30B11C7A0E91009E3740 /* ActivityDetailController.swift */,
			);
			name = trip;
			sourceTree = "<group>";
		};
		D60083B01C71CBF600D2E4A4 /* photo */ = {
			isa = PBXGroup;
			children = (
				D60083B11C71DC6A00D2E4A4 /* Photo+CoreDataProperties.swift */,
				D60083B21C71DC6A00D2E4A4 /* Photo.swift */,
				D274EC671C70B484000AA29D /* Photos.storyboard */,
				D274EC651C70B3A5000AA29D /* PhotosController.swift */,
			);
			name = photo;
			sourceTree = "<group>";
		};
		D644B8FF1C73C38000B2D908 /* common */ = {
			isa = PBXGroup;
			children = (
				D644B9001C73C3A300B2D908 /* NSManagedObject.swift */,
				D68212751C7915600046122E /* UIViewController.swift */,
			);
			name = common;
			sourceTree = "<group>";
		};
		D6EF6EBE1C68CD03006D098B = {
			isa = PBXGroup;
			children = (
				D274EC711C70C009000AA29D /* MapKit.framework */,
				F0DA6C0E1C68CFF3007753F8 /* DataModel.xcdatamodeld */,
				D6EF6EC91C68CD03006D098B /* TravelDiary */,
				D6EF6EE01C68CD03006D098B /* TravelDiaryTests */,
				D6EF6EEB1C68CD03006D098B /* TravelDiaryUITests */,
				D6EF6EC81C68CD03006D098B /* Products */,
			);
			sourceTree = "<group>";
		};
		D6EF6EC81C68CD03006D098B /* Products */ = {
			isa = PBXGroup;
			children = (
				D6EF6EC71C68CD03006D098B /* TravelDiary.app */,
				D6EF6EDD1C68CD03006D098B /* TravelDiaryTests.xctest */,
				D6EF6EE81C68CD03006D098B /* TravelDiaryUITests.xctest */,
			);
			name = Products;
			sourceTree = "<group>";
		};
		D6EF6EC91C68CD03006D098B /* TravelDiary */ = {
			isa = PBXGroup;
			children = (
				D644B8FF1C73C38000B2D908 /* common */,
				D60083B01C71CBF600D2E4A4 /* photo */,
				D60083AF1C71CBED00D2E4A4 /* trip */,
				D60083AE1C71CBE700D2E4A4 /* map */,
				D6EF6ECA1C68CD03006D098B /* AppDelegate.swift */,
				D6EF6ED01C68CD03006D098B /* Main.storyboard */,
				D6EF6ED31C68CD03006D098B /* Assets.xcassets */,
				D6EF6ED51C68CD03006D098B /* LaunchScreen.storyboard */,
				D6EF6ED81C68CD03006D098B /* Info.plist */,
			);
			path = TravelDiary;
			sourceTree = "<group>";
		};
		D6EF6EE01C68CD03006D098B /* TravelDiaryTests */ = {
			isa = PBXGroup;
			children = (
				D6EF6EE11C68CD03006D098B /* TravelDiaryTests.swift */,
				D6EF6EE31C68CD03006D098B /* Info.plist */,
				D644B8FB1C73B34000B2D908 /* CoreDataHelper.swift */,
			);
			path = TravelDiaryTests;
			sourceTree = "<group>";
		};
		D6EF6EEB1C68CD03006D098B /* TravelDiaryUITests */ = {
			isa = PBXGroup;
			children = (
				D6EF6EEC1C68CD03006D098B /* TravelDiaryUITests.swift */,
				D6EF6EEE1C68CD03006D098B /* Info.plist */,
			);
			path = TravelDiaryUITests;
			sourceTree = "<group>";
		};
/* End PBXGroup section */

/* Begin PBXNativeTarget section */
		D6EF6EC61C68CD03006D098B /* TravelDiary */ = {
			isa = PBXNativeTarget;
			buildConfigurationList = D6EF6EF11C68CD03006D098B /* Build configuration list for PBXNativeTarget "TravelDiary" */;
			buildPhases = (
				D6EF6EC31C68CD03006D098B /* Sources */,
				D6EF6EC41C68CD03006D098B /* Frameworks */,
				D6EF6EC51C68CD03006D098B /* Resources */,
			);
			buildRules = (
			);
			dependencies = (
			);
			name = TravelDiary;
			productName = TravelDiary;
			productReference = D6EF6EC71C68CD03006D098B /* TravelDiary.app */;
			productType = "com.apple.product-type.application";
		};
		D6EF6EDC1C68CD03006D098B /* TravelDiaryTests */ = {
			isa = PBXNativeTarget;
			buildConfigurationList = D6EF6EF41C68CD03006D098B /* Build configuration list for PBXNativeTarget "TravelDiaryTests" */;
			buildPhases = (
				D6EF6ED91C68CD03006D098B /* Sources */,
				D6EF6EDA1C68CD03006D098B /* Frameworks */,
				D6EF6EDB1C68CD03006D098B /* Resources */,
			);
			buildRules = (
			);
			dependencies = (
				D6EF6EDF1C68CD03006D098B /* PBXTargetDependency */,
			);
			name = TravelDiaryTests;
			productName = TravelDiaryTests;
			productReference = D6EF6EDD1C68CD03006D098B /* TravelDiaryTests.xctest */;
			productType = "com.apple.product-type.bundle.unit-test";
		};
		D6EF6EE71C68CD03006D098B /* TravelDiaryUITests */ = {
			isa = PBXNativeTarget;
			buildConfigurationList = D6EF6EF71C68CD03006D098B /* Build configuration list for PBXNativeTarget "TravelDiaryUITests" */;
			buildPhases = (
				D6EF6EE41C68CD03006D098B /* Sources */,
				D6EF6EE51C68CD03006D098B /* Frameworks */,
				D6EF6EE61C68CD03006D098B /* Resources */,
			);
			buildRules = (
			);
			dependencies = (
				D6EF6EEA1C68CD03006D098B /* PBXTargetDependency */,
			);
			name = TravelDiaryUITests;
			productName = TravelDiaryUITests;
			productReference = D6EF6EE81C68CD03006D098B /* TravelDiaryUITests.xctest */;
			productType = "com.apple.product-type.bundle.ui-testing";
		};
/* End PBXNativeTarget section */

/* Begin PBXProject section */
		D6EF6EBF1C68CD03006D098B /* Project object */ = {
			isa = PBXProject;
			attributes = {
				LastSwiftUpdateCheck = 0720;
				LastUpgradeCheck = 0720;
				ORGANIZATIONNAME = PTPA;
				TargetAttributes = {
					D6EF6EC61C68CD03006D098B = {
						CreatedOnToolsVersion = 7.2;
						SystemCapabilities = {
							com.apple.Maps.iOS = {
								enabled = 1;
							};
						};
					};
					D6EF6EDC1C68CD03006D098B = {
						CreatedOnToolsVersion = 7.2;
						TestTargetID = D6EF6EC61C68CD03006D098B;
					};
					D6EF6EE71C68CD03006D098B = {
						CreatedOnToolsVersion = 7.2;
						TestTargetID = D6EF6EC61C68CD03006D098B;
					};
				};
			};
			buildConfigurationList = D6EF6EC21C68CD03006D098B /* Build configuration list for PBXProject "TravelDiary" */;
			compatibilityVersion = "Xcode 3.2";
			developmentRegion = English;
			hasScannedForEncodings = 0;
			knownRegions = (
				en,
				Base,
			);
			mainGroup = D6EF6EBE1C68CD03006D098B;
			productRefGroup = D6EF6EC81C68CD03006D098B /* Products */;
			projectDirPath = "";
			projectRoot = "";
			targets = (
				D6EF6EC61C68CD03006D098B /* TravelDiary */,
				D6EF6EDC1C68CD03006D098B /* TravelDiaryTests */,
				D6EF6EE71C68CD03006D098B /* TravelDiaryUITests */,
			);
		};
/* End PBXProject section */

/* Begin PBXResourcesBuildPhase section */
		D6EF6EC51C68CD03006D098B /* Resources */ = {
			isa = PBXResourcesBuildPhase;
			buildActionMask = 2147483647;
			files = (
				D274EC601C70A589000AA29D /* Trips.storyboard in Resources */,
				D6EF6ED71C68CD03006D098B /* LaunchScreen.storyboard in Resources */,
				D274EC701C70B65D000AA29D /* Map.storyboard in Resources */,
				D6EF6ED41C68CD03006D098B /* Assets.xcassets in Resources */,
				D274EC691C70B484000AA29D /* Photos.storyboard in Resources */,
				D68212711C78DD820046122E /* ActivityTableViewCell.xib in Resources */,
				D6EF6ED21C68CD03006D098B /* Main.storyboard in Resources */,
				D68212741C78ED220046122E /* CurrentTrip.storyboard in Resources */,
			);
			runOnlyForDeploymentPostprocessing = 0;
		};
		D6EF6EDB1C68CD03006D098B /* Resources */ = {
			isa = PBXResourcesBuildPhase;
			buildActionMask = 2147483647;
			files = (
			);
			runOnlyForDeploymentPostprocessing = 0;
		};
		D6EF6EE61C68CD03006D098B /* Resources */ = {
			isa = PBXResourcesBuildPhase;
			buildActionMask = 2147483647;
			files = (
			);
			runOnlyForDeploymentPostprocessing = 0;
		};
/* End PBXResourcesBuildPhase section */

/* Begin PBXSourcesBuildPhase section */
		D6EF6EC31C68CD03006D098B /* Sources */ = {
			isa = PBXSourcesBuildPhase;
			buildActionMask = 2147483647;
			files = (
				D60083BE1C71DC6A00D2E4A4 /* Trip.swift in Sources */,
				D64D30B21C7A0E91009E3740 /* ActivityDetailController.swift in Sources */,
				D60083BD1C71DC6A00D2E4A4 /* Trip+CoreDataProperties.swift in Sources */,
				D60083C01C71DC6A00D2E4A4 /* Activity.swift in Sources */,
				D60083BA1C71DC6A00D2E4A4 /* Photo.swift in Sources */,
				D60083BF1C71DC6A00D2E4A4 /* Activity+CoreDataProperties.swift in Sources */,
				D60083B91C71DC6A00D2E4A4 /* Photo+CoreDataProperties.swift in Sources */,
				D682126F1C78C7490046122E /* ActivityCell.swift in Sources */,
				D60083BC1C71DC6A00D2E4A4 /* Location.swift in Sources */,
				D68212761C7915600046122E /* UIViewController.swift in Sources */,
				D6EF6ECF1C68CD03006D098B /* TripsController.swift in Sources */,
				D274EC661C70B3A5000AA29D /* PhotosController.swift in Sources */,
				D644B9011C73C3A300B2D908 /* NSManagedObject.swift in Sources */,
				F0DA6C101C68CFF3007753F8 /* DataModel.xcdatamodeld in Sources */,
				D60083BB1C71DC6A00D2E4A4 /* Location+CoreDataProperties.swift in Sources */,
				D6EF6ECB1C68CD03006D098B /* AppDelegate.swift in Sources */,
				D274EC6B1C70B552000AA29D /* MapController.swift in Sources */,
				D6EF6ECD1C68CD03006D098B /* CurrentTripController.swift in Sources */,
			);
			runOnlyForDeploymentPostprocessing = 0;
		};
		D6EF6ED91C68CD03006D098B /* Sources */ = {
			isa = PBXSourcesBuildPhase;
			buildActionMask = 2147483647;
			files = (
				D644B8FC1C73B34000B2D908 /* CoreDataHelper.swift in Sources */,
				D6EF6EE21C68CD03006D098B /* TravelDiaryTests.swift in Sources */,
			);
			runOnlyForDeploymentPostprocessing = 0;
		};
		D6EF6EE41C68CD03006D098B /* Sources */ = {
			isa = PBXSourcesBuildPhase;
			buildActionMask = 2147483647;
			files = (
				D6EF6EED1C68CD03006D098B /* TravelDiaryUITests.swift in Sources */,
			);
			runOnlyForDeploymentPostprocessing = 0;
		};
/* End PBXSourcesBuildPhase section */

/* Begin PBXTargetDependency section */
		D6EF6EDF1C68CD03006D098B /* PBXTargetDependency */ = {
			isa = PBXTargetDependency;
			target = D6EF6EC61C68CD03006D098B /* TravelDiary */;
			targetProxy = D6EF6EDE1C68CD03006D098B /* PBXContainerItemProxy */;
		};
		D6EF6EEA1C68CD03006D098B /* PBXTargetDependency */ = {
			isa = PBXTargetDependency;
			target = D6EF6EC61C68CD03006D098B /* TravelDiary */;
			targetProxy = D6EF6EE91C68CD03006D098B /* PBXContainerItemProxy */;
		};
/* End PBXTargetDependency section */

/* Begin PBXVariantGroup section */
		D274EC5E1C70A589000AA29D /* Trips.storyboard */ = {
			isa = PBXVariantGroup;
			children = (
				D274EC5F1C70A589000AA29D /* Base */,
			);
			name = Trips.storyboard;
			sourceTree = "<group>";
		};
		D274EC671C70B484000AA29D /* Photos.storyboard */ = {
			isa = PBXVariantGroup;
			children = (
				D274EC681C70B484000AA29D /* Base */,
			);
			name = Photos.storyboard;
			sourceTree = "<group>";
		};
		D68212721C78ED220046122E /* CurrentTrip.storyboard */ = {
			isa = PBXVariantGroup;
			children = (
				D68212731C78ED220046122E /* Base */,
			);
			name = CurrentTrip.storyboard;
			sourceTree = "<group>";
		};
		D6EF6ED01C68CD03006D098B /* Main.storyboard */ = {
			isa = PBXVariantGroup;
			children = (
				D6EF6ED11C68CD03006D098B /* Base */,
			);
			name = Main.storyboard;
			sourceTree = "<group>";
		};
		D6EF6ED51C68CD03006D098B /* LaunchScreen.storyboard */ = {
			isa = PBXVariantGroup;
			children = (
				D6EF6ED61C68CD03006D098B /* Base */,
			);
			name = LaunchScreen.storyboard;
			sourceTree = "<group>";
		};
/* End PBXVariantGroup section */

/* Begin XCBuildConfiguration section */
		D6EF6EEF1C68CD03006D098B /* Debug */ = {
			isa = XCBuildConfiguration;
			buildSettings = {
				ALWAYS_SEARCH_USER_PATHS = NO;
				CLANG_CXX_LANGUAGE_STANDARD = "gnu++0x";
				CLANG_CXX_LIBRARY = "libc++";
				CLANG_ENABLE_MODULES = YES;
				CLANG_ENABLE_OBJC_ARC = YES;
				CLANG_WARN_BOOL_CONVERSION = YES;
				CLANG_WARN_CONSTANT_CONVERSION = YES;
				CLANG_WARN_DIRECT_OBJC_ISA_USAGE = YES_ERROR;
				CLANG_WARN_EMPTY_BODY = YES;
				CLANG_WARN_ENUM_CONVERSION = YES;
				CLANG_WARN_INT_CONVERSION = YES;
				CLANG_WARN_OBJC_ROOT_CLASS = YES_ERROR;
				CLANG_WARN_UNREACHABLE_CODE = YES;
				CLANG_WARN__DUPLICATE_METHOD_MATCH = YES;
				"CODE_SIGN_IDENTITY[sdk=iphoneos*]" = "iPhone Developer";
				COPY_PHASE_STRIP = NO;
				DEBUG_INFORMATION_FORMAT = dwarf;
				ENABLE_STRICT_OBJC_MSGSEND = YES;
				ENABLE_TESTABILITY = YES;
				GCC_C_LANGUAGE_STANDARD = gnu99;
				GCC_DYNAMIC_NO_PIC = NO;
				GCC_NO_COMMON_BLOCKS = YES;
				GCC_OPTIMIZATION_LEVEL = 0;
				GCC_PREPROCESSOR_DEFINITIONS = (
					"DEBUG=1",
					"$(inherited)",
				);
				GCC_WARN_64_TO_32_BIT_CONVERSION = YES;
				GCC_WARN_ABOUT_RETURN_TYPE = YES_ERROR;
				GCC_WARN_UNDECLARED_SELECTOR = YES;
				GCC_WARN_UNINITIALIZED_AUTOS = YES_AGGRESSIVE;
				GCC_WARN_UNUSED_FUNCTION = YES;
				GCC_WARN_UNUSED_VARIABLE = YES;
				IPHONEOS_DEPLOYMENT_TARGET = 9.2;
				MTL_ENABLE_DEBUG_INFO = YES;
				ONLY_ACTIVE_ARCH = YES;
				SDKROOT = iphoneos;
				SWIFT_OPTIMIZATION_LEVEL = "-Onone";
			};
			name = Debug;
		};
		D6EF6EF01C68CD03006D098B /* Release */ = {
			isa = XCBuildConfiguration;
			buildSettings = {
				ALWAYS_SEARCH_USER_PATHS = NO;
				CLANG_CXX_LANGUAGE_STANDARD = "gnu++0x";
				CLANG_CXX_LIBRARY = "libc++";
				CLANG_ENABLE_MODULES = YES;
				CLANG_ENABLE_OBJC_ARC = YES;
				CLANG_WARN_BOOL_CONVERSION = YES;
				CLANG_WARN_CONSTANT_CONVERSION = YES;
				CLANG_WARN_DIRECT_OBJC_ISA_USAGE = YES_ERROR;
				CLANG_WARN_EMPTY_BODY = YES;
				CLANG_WARN_ENUM_CONVERSION = YES;
				CLANG_WARN_INT_CONVERSION = YES;
				CLANG_WARN_OBJC_ROOT_CLASS = YES_ERROR;
				CLANG_WARN_UNREACHABLE_CODE = YES;
				CLANG_WARN__DUPLICATE_METHOD_MATCH = YES;
				"CODE_SIGN_IDENTITY[sdk=iphoneos*]" = "iPhone Developer";
				COPY_PHASE_STRIP = NO;
				DEBUG_INFORMATION_FORMAT = "dwarf-with-dsym";
				ENABLE_NS_ASSERTIONS = NO;
				ENABLE_STRICT_OBJC_MSGSEND = YES;
				GCC_C_LANGUAGE_STANDARD = gnu99;
				GCC_NO_COMMON_BLOCKS = YES;
				GCC_WARN_64_TO_32_BIT_CONVERSION = YES;
				GCC_WARN_ABOUT_RETURN_TYPE = YES_ERROR;
				GCC_WARN_UNDECLARED_SELECTOR = YES;
				GCC_WARN_UNINITIALIZED_AUTOS = YES_AGGRESSIVE;
				GCC_WARN_UNUSED_FUNCTION = YES;
				GCC_WARN_UNUSED_VARIABLE = YES;
				IPHONEOS_DEPLOYMENT_TARGET = 9.2;
				MTL_ENABLE_DEBUG_INFO = NO;
				SDKROOT = iphoneos;
				VALIDATE_PRODUCT = YES;
			};
			name = Release;
		};
		D6EF6EF21C68CD03006D098B /* Debug */ = {
			isa = XCBuildConfiguration;
			buildSettings = {
				ASSETCATALOG_COMPILER_APPICON_NAME = AppIcon;
				INFOPLIST_FILE = TravelDiary/Info.plist;
				LD_RUNPATH_SEARCH_PATHS = "$(inherited) @executable_path/Frameworks";
				PRODUCT_BUNDLE_IDENTIFIER = ch.bfh.mad2015.ios.TravelDiary;
				PRODUCT_NAME = "$(TARGET_NAME)";
			};
			name = Debug;
		};
		D6EF6EF31C68CD03006D098B /* Release */ = {
			isa = XCBuildConfiguration;
			buildSettings = {
				ASSETCATALOG_COMPILER_APPICON_NAME = AppIcon;
				INFOPLIST_FILE = TravelDiary/Info.plist;
				LD_RUNPATH_SEARCH_PATHS = "$(inherited) @executable_path/Frameworks";
				PRODUCT_BUNDLE_IDENTIFIER = ch.bfh.mad2015.ios.TravelDiary;
				PRODUCT_NAME = "$(TARGET_NAME)";
			};
			name = Release;
		};
		D6EF6EF51C68CD03006D098B /* Debug */ = {
			isa = XCBuildConfiguration;
			buildSettings = {
				BUNDLE_LOADER = "$(TEST_HOST)";
				INFOPLIST_FILE = TravelDiaryTests/Info.plist;
				LD_RUNPATH_SEARCH_PATHS = "$(inherited) @executable_path/Frameworks @loader_path/Frameworks";
				PRODUCT_BUNDLE_IDENTIFIER = ch.bfh.mad2015.ios.TravelDiaryTests;
				PRODUCT_NAME = "$(TARGET_NAME)";
				TEST_HOST = "$(BUILT_PRODUCTS_DIR)/TravelDiary.app/TravelDiary";
			};
			name = Debug;
		};
		D6EF6EF61C68CD03006D098B /* Release */ = {
			isa = XCBuildConfiguration;
			buildSettings = {
				BUNDLE_LOADER = "$(TEST_HOST)";
				INFOPLIST_FILE = TravelDiaryTests/Info.plist;
				LD_RUNPATH_SEARCH_PATHS = "$(inherited) @executable_path/Frameworks @loader_path/Frameworks";
				PRODUCT_BUNDLE_IDENTIFIER = ch.bfh.mad2015.ios.TravelDiaryTests;
				PRODUCT_NAME = "$(TARGET_NAME)";
				TEST_HOST = "$(BUILT_PRODUCTS_DIR)/TravelDiary.app/TravelDiary";
			};
			name = Release;
		};
		D6EF6EF81C68CD03006D098B /* Debug */ = {
			isa = XCBuildConfiguration;
			buildSettings = {
				INFOPLIST_FILE = TravelDiaryUITests/Info.plist;
				LD_RUNPATH_SEARCH_PATHS = "$(inherited) @executable_path/Frameworks @loader_path/Frameworks";
				PRODUCT_BUNDLE_IDENTIFIER = ch.bfh.mad2015.ios.TravelDiaryUITests;
				PRODUCT_NAME = "$(TARGET_NAME)";
				TEST_TARGET_NAME = TravelDiary;
				USES_XCTRUNNER = YES;
			};
			name = Debug;
		};
		D6EF6EF91C68CD03006D098B /* Release */ = {
			isa = XCBuildConfiguration;
			buildSettings = {
				INFOPLIST_FILE = TravelDiaryUITests/Info.plist;
				LD_RUNPATH_SEARCH_PATHS = "$(inherited) @executable_path/Frameworks @loader_path/Frameworks";
				PRODUCT_BUNDLE_IDENTIFIER = ch.bfh.mad2015.ios.TravelDiaryUITests;
				PRODUCT_NAME = "$(TARGET_NAME)";
				TEST_TARGET_NAME = TravelDiary;
				USES_XCTRUNNER = YES;
			};
			name = Release;
		};
/* End XCBuildConfiguration section */

/* Begin XCConfigurationList section */
		D6EF6EC21C68CD03006D098B /* Build configuration list for PBXProject "TravelDiary" */ = {
			isa = XCConfigurationList;
			buildConfigurations = (
				D6EF6EEF1C68CD03006D098B /* Debug */,
				D6EF6EF01C68CD03006D098B /* Release */,
			);
			defaultConfigurationIsVisible = 0;
			defaultConfigurationName = Release;
		};
		D6EF6EF11C68CD03006D098B /* Build configuration list for PBXNativeTarget "TravelDiary" */ = {
			isa = XCConfigurationList;
			buildConfigurations = (
				D6EF6EF21C68CD03006D098B /* Debug */,
				D6EF6EF31C68CD03006D098B /* Release */,
			);
			defaultConfigurationIsVisible = 0;
			defaultConfigurationName = Release;
		};
		D6EF6EF41C68CD03006D098B /* Build configuration list for PBXNativeTarget "TravelDiaryTests" */ = {
			isa = XCConfigurationList;
			buildConfigurations = (
				D6EF6EF51C68CD03006D098B /* Debug */,
				D6EF6EF61C68CD03006D098B /* Release */,
			);
			defaultConfigurationIsVisible = 0;
			defaultConfigurationName = Release;
		};
		D6EF6EF71C68CD03006D098B /* Build configuration list for PBXNativeTarget "TravelDiaryUITests" */ = {
			isa = XCConfigurationList;
			buildConfigurations = (
				D6EF6EF81C68CD03006D098B /* Debug */,
				D6EF6EF91C68CD03006D098B /* Release */,
			);
			defaultConfigurationIsVisible = 0;
			defaultConfigurationName = Release;
		};
/* End XCConfigurationList section */

/* Begin XCVersionGroup section */
		F0DA6C0E1C68CFF3007753F8 /* DataModel.xcdatamodeld */ = {
			isa = XCVersionGroup;
			children = (
				F0DA6C0F1C68CFF3007753F8 /* DataModel.xcdatamodel */,
			);
			currentVersion = F0DA6C0F1C68CFF3007753F8 /* DataModel.xcdatamodel */;
			path = DataModel.xcdatamodeld;
			sourceTree = "<group>";
			versionGroupType = wrapper.xcdatamodel;
		};
/* End XCVersionGroup section */
	};
	rootObject = D6EF6EBF1C68CD03006D098B /* Project object */;
}
