// !$*UTF8*$!
{
	archiveVersion = 1;
	classes = {
	};
	objectVersion = 46;
	objects = {

/* Begin PBXBuildFile section */
		D251CA8B1C6940C1005B955E /* CurrentViewController.swift in Sources */ = {isa = PBXBuildFile; fileRef = D251CA891C6940C1005B955E /* CurrentViewController.swift */; };
		D251CA8C1C6940C1005B955E /* CurrentViewController.xib in Resources */ = {isa = PBXBuildFile; fileRef = D251CA8A1C6940C1005B955E /* CurrentViewController.xib */; };
		D251CA8F1C694102005B955E /* TripsViewController.swift in Sources */ = {isa = PBXBuildFile; fileRef = D251CA8D1C694102005B955E /* TripsViewController.swift */; };
		D251CA901C694102005B955E /* TripsViewController.xib in Resources */ = {isa = PBXBuildFile; fileRef = D251CA8E1C694102005B955E /* TripsViewController.xib */; };
		D251CA931C694135005B955E /* PhotosViewController.swift in Sources */ = {isa = PBXBuildFile; fileRef = D251CA911C694135005B955E /* PhotosViewController.swift */; };
		D251CA941C694135005B955E /* PhotosViewController.xib in Resources */ = {isa = PBXBuildFile; fileRef = D251CA921C694135005B955E /* PhotosViewController.xib */; };
		D251CAB91C6951B6005B955E /* MapViewController.swift in Sources */ = {isa = PBXBuildFile; fileRef = D251CAB71C6951B6005B955E /* MapViewController.swift */; };
		D251CABA1C6951B6005B955E /* MapViewController.xib in Resources */ = {isa = PBXBuildFile; fileRef = D251CAB81C6951B6005B955E /* MapViewController.xib */; };
		D69DBCBF1C6BA21C000B41E5 /* TripActivitiesViewController.swift in Sources */ = {isa = PBXBuildFile; fileRef = D69DBCBD1C6BA21C000B41E5 /* TripActivitiesViewController.swift */; };
		D69DBCC01C6BA21C000B41E5 /* TripActivitiesViewController.xib in Resources */ = {isa = PBXBuildFile; fileRef = D69DBCBE1C6BA21C000B41E5 /* TripActivitiesViewController.xib */; };
		D6EF6ECB1C68CD03006D098B /* AppDelegate.swift in Sources */ = {isa = PBXBuildFile; fileRef = D6EF6ECA1C68CD03006D098B /* AppDelegate.swift */; };
		D6EF6ED41C68CD03006D098B /* Assets.xcassets in Resources */ = {isa = PBXBuildFile; fileRef = D6EF6ED31C68CD03006D098B /* Assets.xcassets */; };
		D6EF6ED71C68CD03006D098B /* LaunchScreen.storyboard in Resources */ = {isa = PBXBuildFile; fileRef = D6EF6ED51C68CD03006D098B /* LaunchScreen.storyboard */; };
		D6EF6EE21C68CD03006D098B /* TravelDiaryTests.swift in Sources */ = {isa = PBXBuildFile; fileRef = D6EF6EE11C68CD03006D098B /* TravelDiaryTests.swift */; };
		D6EF6EED1C68CD03006D098B /* TravelDiaryUITests.swift in Sources */ = {isa = PBXBuildFile; fileRef = D6EF6EEC1C68CD03006D098B /* TravelDiaryUITests.swift */; };
		F0DA6C101C68CFF3007753F8 /* DataModel.xcdatamodeld in Sources */ = {isa = PBXBuildFile; fileRef = F0DA6C0E1C68CFF3007753F8 /* DataModel.xcdatamodeld */; };
/* End PBXBuildFile section */

/* Begin PBXContainerItemProxy section */
		D6EF6EDE1C68CD03006D098B /* PBXContainerItemProxy */ = {
			isa = PBXContainerItemProxy;
			containerPortal = D6EF6EBF1C68CD03006D098B /* Project object */;
			proxyType = 1;
			remoteGlobalIDString = D6EF6EC61C68CD03006D098B;
			remoteInfo = TravelDiary;
		};
		D6EF6EE91C68CD03006D098B /* PBXContainerItemProxy */ = {
			isa = PBXContainerItemProxy;
			containerPortal = D6EF6EBF1C68CD03006D098B /* Project object */;
			proxyType = 1;
			remoteGlobalIDString = D6EF6EC61C68CD03006D098B;
			remoteInfo = TravelDiary;
		};
/* End PBXContainerItemProxy section */

/* Begin PBXFileReference section */
		D251CA891C6940C1005B955E /* CurrentViewController.swift */ = {isa = PBXFileReference; fileEncoding = 4; lastKnownFileType = sourcecode.swift; path = CurrentViewController.swift; sourceTree = "<group>"; };
		D251CA8A1C6940C1005B955E /* CurrentViewController.xib */ = {isa = PBXFileReference; fileEncoding = 4; lastKnownFileType = file.xib; path = CurrentViewController.xib; sourceTree = "<group>"; };
		D251CA8D1C694102005B955E /* TripsViewController.swift */ = {isa = PBXFileReference; fileEncoding = 4; lastKnownFileType = sourcecode.swift; path = TripsViewController.swift; sourceTree = "<group>"; };
		D251CA8E1C694102005B955E /* TripsViewController.xib */ = {isa = PBXFileReference; fileEncoding = 4; lastKnownFileType = file.xib; path = TripsViewController.xib; sourceTree = "<group>"; };
		D251CA911C694135005B955E /* PhotosViewController.swift */ = {isa = PBXFileReference; fileEncoding = 4; lastKnownFileType = sourcecode.swift; path = PhotosViewController.swift; sourceTree = "<group>"; };
		D251CA921C694135005B955E /* PhotosViewController.xib */ = {isa = PBXFileReference; fileEncoding = 4; lastKnownFileType = file.xib; path = PhotosViewController.xib; sourceTree = "<group>"; };
		D251CAB71C6951B6005B955E /* MapViewController.swift */ = {isa = PBXFileReference; fileEncoding = 4; lastKnownFileType = sourcecode.swift; path = MapViewController.swift; sourceTree = "<group>"; };
		D251CAB81C6951B6005B955E /* MapViewController.xib */ = {isa = PBXFileReference; fileEncoding = 4; lastKnownFileType = file.xib; path = MapViewController.xib; sourceTree = "<group>"; };
		D69DBCBD1C6BA21C000B41E5 /* TripActivitiesViewController.swift */ = {isa = PBXFileReference; fileEncoding = 4; lastKnownFileType = sourcecode.swift; path = TripActivitiesViewController.swift; sourceTree = "<group>"; };
		D69DBCBE1C6BA21C000B41E5 /* TripActivitiesViewController.xib */ = {isa = PBXFileReference; fileEncoding = 4; lastKnownFileType = file.xib; path = TripActivitiesViewController.xib; sourceTree = "<group>"; };
		D6EF6EC71C68CD03006D098B /* TravelDiary.app */ = {isa = PBXFileReference; explicitFileType = wrapper.application; includeInIndex = 0; path = TravelDiary.app; sourceTree = BUILT_PRODUCTS_DIR; };
		D6EF6ECA1C68CD03006D098B /* AppDelegate.swift */ = {isa = PBXFileReference; lastKnownFileType = sourcecode.swift; path = AppDelegate.swift; sourceTree = "<group>"; };
		D6EF6ED31C68CD03006D098B /* Assets.xcassets */ = {isa = PBXFileReference; lastKnownFileType = folder.assetcatalog; path = Assets.xcassets; sourceTree = "<group>"; };
		D6EF6ED61C68CD03006D098B /* Base */ = {isa = PBXFileReference; lastKnownFileType = file.storyboard; name = Base; path = Base.lproj/LaunchScreen.storyboard; sourceTree = "<group>"; };
		D6EF6ED81C68CD03006D098B /* Info.plist */ = {isa = PBXFileReference; lastKnownFileType = text.plist.xml; path = Info.plist; sourceTree = "<group>"; };
		D6EF6EDD1C68CD03006D098B /* TravelDiaryTests.xctest */ = {isa = PBXFileReference; explicitFileType = wrapper.cfbundle; includeInIndex = 0; path = TravelDiaryTests.xctest; sourceTree = BUILT_PRODUCTS_DIR; };
		D6EF6EE11C68CD03006D098B /* TravelDiaryTests.swift */ = {isa = PBXFileReference; lastKnownFileType = sourcecode.swift; path = TravelDiaryTests.swift; sourceTree = "<group>"; };
		D6EF6EE31C68CD03006D098B /* Info.plist */ = {isa = PBXFileReference; lastKnownFileType = text.plist.xml; path = Info.plist; sourceTree = "<group>"; };
		D6EF6EE81C68CD03006D098B /* TravelDiaryUITests.xctest */ = {isa = PBXFileReference; explicitFileType = wrapper.cfbundle; includeInIndex = 0; path = TravelDiaryUITests.xctest; sourceTree = BUILT_PRODUCTS_DIR; };
		D6EF6EEC1C68CD03006D098B /* TravelDiaryUITests.swift */ = {isa = PBXFileReference; lastKnownFileType = sourcecode.swift; path = TravelDiaryUITests.swift; sourceTree = "<group>"; };
		D6EF6EEE1C68CD03006D098B /* Info.plist */ = {isa = PBXFileReference; lastKnownFileType = text.plist.xml; path = Info.plist; sourceTree = "<group>"; };
		F0DA6C0F1C68CFF3007753F8 /* DataModel.xcdatamodel */ = {isa = PBXFileReference; lastKnownFileType = wrapper.xcdatamodel; path = DataModel.xcdatamodel; sourceTree = "<group>"; };
/* End PBXFileReference section */

/* Begin PBXFrameworksBuildPhase section */
		D6EF6EC41C68CD03006D098B /* Frameworks */ = {
			isa = PBXFrameworksBuildPhase;
			buildActionMask = 2147483647;
			files = (
			);
			runOnlyForDeploymentPostprocessing = 0;
		};
		D6EF6EDA1C68CD03006D098B /* Frameworks */ = {
			isa = PBXFrameworksBuildPhase;
			buildActionMask = 2147483647;
			files = (
			);
			runOnlyForDeploymentPostprocessing = 0;
		};
		D6EF6EE51C68CD03006D098B /* Frameworks */ = {
			isa = PBXFrameworksBuildPhase;
			buildActionMask = 2147483647;
			files = (
			);
			runOnlyForDeploymentPostprocessing = 0;
		};
/* End PBXFrameworksBuildPhase section */

/* Begin PBXGroup section */
		D6EF6EBE1C68CD03006D098B = {
			isa = PBXGroup;
			children = (
				F0DA6C0E1C68CFF3007753F8 /* DataModel.xcdatamodeld */,
				D6EF6EC91C68CD03006D098B /* TravelDiary */,
				D6EF6EE01C68CD03006D098B /* TravelDiaryTests */,
				D6EF6EEB1C68CD03006D098B /* TravelDiaryUITests */,
				D6EF6EC81C68CD03006D098B /* Products */,
			);
			sourceTree = "<group>";
		};
		D6EF6EC81C68CD03006D098B /* Products */ = {
			isa = PBXGroup;
			children = (
				D6EF6EC71C68CD03006D098B /* TravelDiary.app */,
				D6EF6EDD1C68CD03006D098B /* TravelDiaryTests.xctest */,
				D6EF6EE81C68CD03006D098B /* TravelDiaryUITests.xctest */,
			);
			name = Products;
			sourceTree = "<group>";
		};
		D6EF6EC91C68CD03006D098B /* TravelDiary */ = {
			isa = PBXGroup;
			children = (
				D69DBCBD1C6BA21C000B41E5 /* TripActivitiesViewController.swift */,
				D69DBCBE1C6BA21C000B41E5 /* TripActivitiesViewController.xib */,
				D6EF6ECA1C68CD03006D098B /* AppDelegate.swift */,
				D6EF6ED31C68CD03006D098B /* Assets.xcassets */,
				D6EF6ED51C68CD03006D098B /* LaunchScreen.storyboard */,
				D6EF6ED81C68CD03006D098B /* Info.plist */,
				D251CA891C6940C1005B955E /* CurrentViewController.swift */,
				D251CA8A1C6940C1005B955E /* CurrentViewController.xib */,
				D251CA8D1C694102005B955E /* TripsViewController.swift */,
				D251CA8E1C694102005B955E /* TripsViewController.xib */,
				D251CA911C694135005B955E /* PhotosViewController.swift */,
				D251CA921C694135005B955E /* PhotosViewController.xib */,
				D251CAB71C6951B6005B955E /* MapViewController.swift */,
				D251CAB81C6951B6005B955E /* MapViewController.xib */,
			);
			path = TravelDiary;
			sourceTree = "<group>";
		};
		D6EF6EE01C68CD03006D098B /* TravelDiaryTests */ = {
			isa = PBXGroup;
			children = (
				D6EF6EE11C68CD03006D098B /* TravelDiaryTests.swift */,
				D6EF6EE31C68CD03006D098B /* Info.plist */,
			);
			path = TravelDiaryTests;
			sourceTree = "<group>";
		};
		D6EF6EEB1C68CD03006D098B /* TravelDiaryUITests */ = {
			isa = PBXGroup;
			children = (
				D6EF6EEC1C68CD03006D098B /* TravelDiaryUITests.swift */,
				D6EF6EEE1C68CD03006D098B /* Info.plist */,
			);
			path = TravelDiaryUITests;
			sourceTree = "<group>";
		};
/* End PBXGroup section */

/* Begin PBXNativeTarget section */
		D6EF6EC61C68CD03006D098B /* TravelDiary */ = {
			isa = PBXNativeTarget;
			buildConfigurationList = D6EF6EF11C68CD03006D098B /* Build configuration list for PBXNativeTarget "TravelDiary" */;
			buildPhases = (
				D6EF6EC31C68CD03006D098B /* Sources */,
				D6EF6EC41C68CD03006D098B /* Frameworks */,
				D6EF6EC51C68CD03006D098B /* Resources */,
			);
			buildRules = (
			);
			dependencies = (
			);
			name = TravelDiary;
			productName = TravelDiary;
			productReference = D6EF6EC71C68CD03006D098B /* TravelDiary.app */;
			productType = "com.apple.product-type.application";
		};
		D6EF6EDC1C68CD03006D098B /* TravelDiaryTests */ = {
			isa = PBXNativeTarget;
			buildConfigurationList = D6EF6EF41C68CD03006D098B /* Build configuration list for PBXNativeTarget "TravelDiaryTests" */;
			buildPhases = (
				D6EF6ED91C68CD03006D098B /* Sources */,
				D6EF6EDA1C68CD03006D098B /* Frameworks */,
				D6EF6EDB1C68CD03006D098B /* Resources */,
			);
			buildRules = (
			);
			dependencies = (
				D6EF6EDF1C68CD03006D098B /* PBXTargetDependency */,
			);
			name = TravelDiaryTests;
			productName = TravelDiaryTests;
			productReference = D6EF6EDD1C68CD03006D098B /* TravelDiaryTests.xctest */;
			productType = "com.apple.product-type.bundle.unit-test";
		};
		D6EF6EE71C68CD03006D098B /* TravelDiaryUITests */ = {
			isa = PBXNativeTarget;
			buildConfigurationList = D6EF6EF71C68CD03006D098B /* Build configuration list for PBXNativeTarget "TravelDiaryUITests" */;
			buildPhases = (
				D6EF6EE41C68CD03006D098B /* Sources */,
				D6EF6EE51C68CD03006D098B /* Frameworks */,
				D6EF6EE61C68CD03006D098B /* Resources */,
			);
			buildRules = (
			);
			dependencies = (
				D6EF6EEA1C68CD03006D098B /* PBXTargetDependency */,
			);
			name = TravelDiaryUITests;
			productName = TravelDiaryUITests;
			productReference = D6EF6EE81C68CD03006D098B /* TravelDiaryUITests.xctest */;
			productType = "com.apple.product-type.bundle.ui-testing";
		};
/* End PBXNativeTarget section */

/* Begin PBXProject section */
		D6EF6EBF1C68CD03006D098B /* Project object */ = {
			isa = PBXProject;
			attributes = {
				LastSwiftUpdateCheck = 0720;
				LastUpgradeCheck = 0720;
				ORGANIZATIONNAME = PTPA;
				TargetAttributes = {
					D6EF6EC61C68CD03006D098B = {
						CreatedOnToolsVersion = 7.2;
					};
					D6EF6EDC1C68CD03006D098B = {
						CreatedOnToolsVersion = 7.2;
						TestTargetID = D6EF6EC61C68CD03006D098B;
					};
					D6EF6EE71C68CD03006D098B = {
						CreatedOnToolsVersion = 7.2;
						TestTargetID = D6EF6EC61C68CD03006D098B;
					};
				};
			};
			buildConfigurationList = D6EF6EC21C68CD03006D098B /* Build configuration list for PBXProject "TravelDiary" */;
			compatibilityVersion = "Xcode 3.2";
			developmentRegion = English;
			hasScannedForEncodings = 0;
			knownRegions = (
				en,
				Base,
			);
			mainGroup = D6EF6EBE1C68CD03006D098B;
			productRefGroup = D6EF6EC81C68CD03006D098B /* Products */;
			projectDirPath = "";
			projectRoot = "";
			targets = (
				D6EF6EC61C68CD03006D098B /* TravelDiary */,
				D6EF6EDC1C68CD03006D098B /* TravelDiaryTests */,
				D6EF6EE71C68CD03006D098B /* TravelDiaryUITests */,
			);
		};
/* End PBXProject section */

/* Begin PBXResourcesBuildPhase section */
		D6EF6EC51C68CD03006D098B /* Resources */ = {
			isa = PBXResourcesBuildPhase;
			buildActionMask = 2147483647;
			files = (
				D251CA8C1C6940C1005B955E /* CurrentViewController.xib in Resources */,
				D69DBCC01C6BA21C000B41E5 /* TripActivitiesViewController.xib in Resources */,
				D251CABA1C6951B6005B955E /* MapViewController.xib in Resources */,
				D251CA901C694102005B955E /* TripsViewController.xib in Resources */,
				D6EF6ED71C68CD03006D098B /* LaunchScreen.storyboard in Resources */,
				D251CA941C694135005B955E /* PhotosViewController.xib in Resources */,
				D6EF6ED41C68CD03006D098B /* Assets.xcassets in Resources */,
			);
			runOnlyForDeploymentPostprocessing = 0;
		};
		D6EF6EDB1C68CD03006D098B /* Resources */ = {
			isa = PBXResourcesBuildPhase;
			buildActionMask = 2147483647;
			files = (
			);
			runOnlyForDeploymentPostprocessing = 0;
		};
		D6EF6EE61C68CD03006D098B /* Resources */ = {
			isa = PBXResourcesBuildPhase;
			buildActionMask = 2147483647;
			files = (
			);
			runOnlyForDeploymentPostprocessing = 0;
		};
/* End PBXResourcesBuildPhase section */

/* Begin PBXSourcesBuildPhase section */
		D6EF6EC31C68CD03006D098B /* Sources */ = {
			isa = PBXSourcesBuildPhase;
			buildActionMask = 2147483647;
			files = (
				D251CA8B1C6940C1005B955E /* CurrentViewController.swift in Sources */,
				D69DBCBF1C6BA21C000B41E5 /* TripActivitiesViewController.swift in Sources */,
				D251CA8F1C694102005B955E /* TripsViewController.swift in Sources */,
				F0DA6C101C68CFF3007753F8 /* DataModel.xcdatamodeld in Sources */,
				D251CAB91C6951B6005B955E /* MapViewController.swift in Sources */,
				D6EF6ECB1C68CD03006D098B /* AppDelegate.swift in Sources */,
				D251CA931C694135005B955E /* PhotosViewController.swift in Sources */,
			);
			runOnlyForDeploymentPostprocessing = 0;
		};
		D6EF6ED91C68CD03006D098B /* Sources */ = {
			isa = PBXSourcesBuildPhase;
			buildActionMask = 2147483647;
			files = (
				D6EF6EE21C68CD03006D098B /* TravelDiaryTests.swift in Sources */,
			);
			runOnlyForDeploymentPostprocessing = 0;
		};
		D6EF6EE41C68CD03006D098B /* Sources */ = {
			isa = PBXSourcesBuildPhase;
			buildActionMask = 2147483647;
			files = (
				D6EF6EED1C68CD03006D098B /* TravelDiaryUITests.swift in Sources */,
			);
			runOnlyForDeploymentPostprocessing = 0;
		};
/* End PBXSourcesBuildPhase section */

/* Begin PBXTargetDependency section */
		D6EF6EDF1C68CD03006D098B /* PBXTargetDependency */ = {
			isa = PBXTargetDependency;
			target = D6EF6EC61C68CD03006D098B /* TravelDiary */;
			targetProxy = D6EF6EDE1C68CD03006D098B /* PBXContainerItemProxy */;
		};
		D6EF6EEA1C68CD03006D098B /* PBXTargetDependency */ = {
			isa = PBXTargetDependency;
			target = D6EF6EC61C68CD03006D098B /* TravelDiary */;
			targetProxy = D6EF6EE91C68CD03006D098B /* PBXContainerItemProxy */;
		};
/* End PBXTargetDependency section */

/* Begin PBXVariantGroup section */
		D6EF6ED51C68CD03006D098B /* LaunchScreen.storyboard */ = {
			isa = PBXVariantGroup;
			children = (
				D6EF6ED61C68CD03006D098B /* Base */,
			);
			name = LaunchScreen.storyboard;
			sourceTree = "<group>";
		};
/* End PBXVariantGroup section */

/* Begin XCBuildConfiguration section */
		D6EF6EEF1C68CD03006D098B /* Debug */ = {
			isa = XCBuildConfiguration;
			buildSettings = {
				ALWAYS_SEARCH_USER_PATHS = NO;
				CLANG_CXX_LANGUAGE_STANDARD = "gnu++0x";
				CLANG_CXX_LIBRARY = "libc++";
				CLANG_ENABLE_MODULES = YES;
				CLANG_ENABLE_OBJC_ARC = YES;
				CLANG_WARN_BOOL_CONVERSION = YES;
				CLANG_WARN_CONSTANT_CONVERSION = YES;
				CLANG_WARN_DIRECT_OBJC_ISA_USAGE = YES_ERROR;
				CLANG_WARN_EMPTY_BODY = YES;
				CLANG_WARN_ENUM_CONVERSION = YES;
				CLANG_WARN_INT_CONVERSION = YES;
				CLANG_WARN_OBJC_ROOT_CLASS = YES_ERROR;
				CLANG_WARN_UNREACHABLE_CODE = YES;
				CLANG_WARN__DUPLICATE_METHOD_MATCH = YES;
				"CODE_SIGN_IDENTITY[sdk=iphoneos*]" = "iPhone Developer";
				COPY_PHASE_STRIP = NO;
				DEBUG_INFORMATION_FORMAT = dwarf;
				ENABLE_STRICT_OBJC_MSGSEND = YES;
				ENABLE_TESTABILITY = YES;
				GCC_C_LANGUAGE_STANDARD = gnu99;
				GCC_DYNAMIC_NO_PIC = NO;
				GCC_NO_COMMON_BLOCKS = YES;
				GCC_OPTIMIZATION_LEVEL = 0;
				GCC_PREPROCESSOR_DEFINITIONS = (
					"DEBUG=1",
					"$(inherited)",
				);
				GCC_WARN_64_TO_32_BIT_CONVERSION = YES;
				GCC_WARN_ABOUT_RETURN_TYPE = YES_ERROR;
				GCC_WARN_UNDECLARED_SELECTOR = YES;
				GCC_WARN_UNINITIALIZED_AUTOS = YES_AGGRESSIVE;
				GCC_WARN_UNUSED_FUNCTION = YES;
				GCC_WARN_UNUSED_VARIABLE = YES;
				IPHONEOS_DEPLOYMENT_TARGET = 9.2;
				MTL_ENABLE_DEBUG_INFO = YES;
				ONLY_ACTIVE_ARCH = YES;
				SDKROOT = iphoneos;
				SWIFT_OPTIMIZATION_LEVEL = "-Onone";
			};
			name = Debug;
		};
		D6EF6EF01C68CD03006D098B /* Release */ = {
			isa = XCBuildConfiguration;
			buildSettings = {
				ALWAYS_SEARCH_USER_PATHS = NO;
				CLANG_CXX_LANGUAGE_STANDARD = "gnu++0x";
				CLANG_CXX_LIBRARY = "libc++";
				CLANG_ENABLE_MODULES = YES;
				CLANG_ENABLE_OBJC_ARC = YES;
				CLANG_WARN_BOOL_CONVERSION = YES;
				CLANG_WARN_CONSTANT_CONVERSION = YES;
				CLANG_WARN_DIRECT_OBJC_ISA_USAGE = YES_ERROR;
				CLANG_WARN_EMPTY_BODY = YES;
				CLANG_WARN_ENUM_CONVERSION = YES;
				CLANG_WARN_INT_CONVERSION = YES;
				CLANG_WARN_OBJC_ROOT_CLASS = YES_ERROR;
				CLANG_WARN_UNREACHABLE_CODE = YES;
				CLANG_WARN__DUPLICATE_METHOD_MATCH = YES;
				"CODE_SIGN_IDENTITY[sdk=iphoneos*]" = "iPhone Developer";
				COPY_PHASE_STRIP = NO;
				DEBUG_INFORMATION_FORMAT = "dwarf-with-dsym";
				ENABLE_NS_ASSERTIONS = NO;
				ENABLE_STRICT_OBJC_MSGSEND = YES;
				GCC_C_LANGUAGE_STANDARD = gnu99;
				GCC_NO_COMMON_BLOCKS = YES;
				GCC_WARN_64_TO_32_BIT_CONVERSION = YES;
				GCC_WARN_ABOUT_RETURN_TYPE = YES_ERROR;
				GCC_WARN_UNDECLARED_SELECTOR = YES;
				GCC_WARN_UNINITIALIZED_AUTOS = YES_AGGRESSIVE;
				GCC_WARN_UNUSED_FUNCTION = YES;
				GCC_WARN_UNUSED_VARIABLE = YES;
				IPHONEOS_DEPLOYMENT_TARGET = 9.2;
				MTL_ENABLE_DEBUG_INFO = NO;
				SDKROOT = iphoneos;
				VALIDATE_PRODUCT = YES;
			};
			name = Release;
		};
		D6EF6EF21C68CD03006D098B /* Debug */ = {
			isa = XCBuildConfiguration;
			buildSettings = {
				ASSETCATALOG_COMPILER_APPICON_NAME = AppIcon;
				INFOPLIST_FILE = TravelDiary/Info.plist;
				LD_RUNPATH_SEARCH_PATHS = "$(inherited) @executable_path/Frameworks";
				PRODUCT_BUNDLE_IDENTIFIER = ch.bfh.mad2015.ios.TravelDiary;
				PRODUCT_NAME = "$(TARGET_NAME)";
			};
			name = Debug;
		};
		D6EF6EF31C68CD03006D098B /* Release */ = {
			isa = XCBuildConfiguration;
			buildSettings = {
				ASSETCATALOG_COMPILER_APPICON_NAME = AppIcon;
				INFOPLIST_FILE = TravelDiary/Info.plist;
				LD_RUNPATH_SEARCH_PATHS = "$(inherited) @executable_path/Frameworks";
				PRODUCT_BUNDLE_IDENTIFIER = ch.bfh.mad2015.ios.TravelDiary;
				PRODUCT_NAME = "$(TARGET_NAME)";
			};
			name = Release;
		};
		D6EF6EF51C68CD03006D098B /* Debug */ = {
			isa = XCBuildConfiguration;
			buildSettings = {
				BUNDLE_LOADER = "$(TEST_HOST)";
				INFOPLIST_FILE = TravelDiaryTests/Info.plist;
				LD_RUNPATH_SEARCH_PATHS = "$(inherited) @executable_path/Frameworks @loader_path/Frameworks";
				PRODUCT_BUNDLE_IDENTIFIER = ch.bfh.mad2015.ios.TravelDiaryTests;
				PRODUCT_NAME = "$(TARGET_NAME)";
				TEST_HOST = "$(BUILT_PRODUCTS_DIR)/TravelDiary.app/TravelDiary";
			};
			name = Debug;
		};
		D6EF6EF61C68CD03006D098B /* Release */ = {
			isa = XCBuildConfiguration;
			buildSettings = {
				BUNDLE_LOADER = "$(TEST_HOST)";
				INFOPLIST_FILE = TravelDiaryTests/Info.plist;
				LD_RUNPATH_SEARCH_PATHS = "$(inherited) @executable_path/Frameworks @loader_path/Frameworks";
				PRODUCT_BUNDLE_IDENTIFIER = ch.bfh.mad2015.ios.TravelDiaryTests;
				PRODUCT_NAME = "$(TARGET_NAME)";
				TEST_HOST = "$(BUILT_PRODUCTS_DIR)/TravelDiary.app/TravelDiary";
			};
			name = Release;
		};
		D6EF6EF81C68CD03006D098B /* Debug */ = {
			isa = XCBuildConfiguration;
			buildSettings = {
				INFOPLIST_FILE = TravelDiaryUITests/Info.plist;
				LD_RUNPATH_SEARCH_PATHS = "$(inherited) @executable_path/Frameworks @loader_path/Frameworks";
				PRODUCT_BUNDLE_IDENTIFIER = ch.bfh.mad2015.ios.TravelDiaryUITests;
				PRODUCT_NAME = "$(TARGET_NAME)";
				TEST_TARGET_NAME = TravelDiary;
				USES_XCTRUNNER = YES;
			};
			name = Debug;
		};
		D6EF6EF91C68CD03006D098B /* Release */ = {
			isa = XCBuildConfiguration;
			buildSettings = {
				INFOPLIST_FILE = TravelDiaryUITests/Info.plist;
				LD_RUNPATH_SEARCH_PATHS = "$(inherited) @executable_path/Frameworks @loader_path/Frameworks";
				PRODUCT_BUNDLE_IDENTIFIER = ch.bfh.mad2015.ios.TravelDiaryUITests;
				PRODUCT_NAME = "$(TARGET_NAME)";
				TEST_TARGET_NAME = TravelDiary;
				USES_XCTRUNNER = YES;
			};
			name = Release;
		};
/* End XCBuildConfiguration section */

/* Begin XCConfigurationList section */
		D6EF6EC21C68CD03006D098B /* Build configuration list for PBXProject "TravelDiary" */ = {
			isa = XCConfigurationList;
			buildConfigurations = (
				D6EF6EEF1C68CD03006D098B /* Debug */,
				D6EF6EF01C68CD03006D098B /* Release */,
			);
			defaultConfigurationIsVisible = 0;
			defaultConfigurationName = Release;
		};
		D6EF6EF11C68CD03006D098B /* Build configuration list for PBXNativeTarget "TravelDiary" */ = {
			isa = XCConfigurationList;
			buildConfigurations = (
				D6EF6EF21C68CD03006D098B /* Debug */,
				D6EF6EF31C68CD03006D098B /* Release */,
			);
			defaultConfigurationIsVisible = 0;
			defaultConfigurationName = Release;
		};
		D6EF6EF41C68CD03006D098B /* Build configuration list for PBXNativeTarget "TravelDiaryTests" */ = {
			isa = XCConfigurationList;
			buildConfigurations = (
				D6EF6EF51C68CD03006D098B /* Debug */,
				D6EF6EF61C68CD03006D098B /* Release */,
			);
			defaultConfigurationIsVisible = 0;
			defaultConfigurationName = Release;
		};
		D6EF6EF71C68CD03006D098B /* Build configuration list for PBXNativeTarget "TravelDiaryUITests" */ = {
			isa = XCConfigurationList;
			buildConfigurations = (
				D6EF6EF81C68CD03006D098B /* Debug */,
				D6EF6EF91C68CD03006D098B /* Release */,
			);
			defaultConfigurationIsVisible = 0;
			defaultConfigurationName = Release;
		};
/* End XCConfigurationList section */

/* Begin XCVersionGroup section */
		F0DA6C0E1C68CFF3007753F8 /* DataModel.xcdatamodeld */ = {
			isa = XCVersionGroup;
			children = (
				F0DA6C0F1C68CFF3007753F8 /* DataModel.xcdatamodel */,
			);
			currentVersion = F0DA6C0F1C68CFF3007753F8 /* DataModel.xcdatamodel */;
			path = DataModel.xcdatamodeld;
			sourceTree = "<group>";
			versionGroupType = wrapper.xcdatamodel;
		};
/* End XCVersionGroup section */
	};
	rootObject = D6EF6EBF1C68CD03006D098B /* Project object */;
}
